// !$*UTF8*$!
{
	archiveVersion = 1;
	classes = {
	};
	objectVersion = 46;
	objects = {

/* Begin PBXBuildFile section */
		0666f7971b4d7725128f6aa9e8136ac6 /* glmMesh.cpp in Sources */ = {isa = PBXBuildFile; fileRef = 96db25349676e85fcc3f33f8cf838f05 /* glmMesh.cpp */; };
		265e88e587a6e8d20a2582b0775b4d4e /* glm.cpp in Sources */ = {isa = PBXBuildFile; fileRef = 3b2148f7dd22a8a30ba9c98ab5b3463c /* glm.cpp */; };
		2ee15114f59d107ff5502b8b0bccc687 /* glmGeom.cpp in Sources */ = {isa = PBXBuildFile; fileRef = e030f5c38e7c72af7aadfe513e243781 /* glmGeom.cpp */; };
		326a450621374d9fd00f758f01cb05f3 /* ofxGlmTools.cpp in Sources */ = {isa = PBXBuildFile; fileRef = e8e97a67fb15b4d321d30525772dd168 /* ofxGlmTools.cpp */; };
		33cc09148c0f92f530f58664930bbcd9 /* glmFastPolyline.cpp in Sources */ = {isa = PBXBuildFile; fileRef = 0f8bb7f9a9f4bdf49b1f6831bcba95dc /* glmFastPolyline.cpp */; };
		373d343aaba9d3a7b28ed69fdc343371 /* glmPolyline.cpp in Sources */ = {isa = PBXBuildFile; fileRef = 770f0cf9e3a47ef11bd9051683851509 /* glmPolyline.cpp */; };
		7d5e699e173b8c7705a51a78ca467f36 /* glmIntersection.cpp in Sources */ = {isa = PBXBuildFile; fileRef = 60bac01aa465f68bd2767289c0b6f693 /* glmIntersection.cpp */; };
		9dca40ed37cbbd592475b080c5278913 /* glmPolarPoint.cpp in Sources */ = {isa = PBXBuildFile; fileRef = 56a8515b4e6f53e5e22486b83fe124be /* glmPolarPoint.cpp */; };
		BBAB23CB13894F3D00AA2426 /* GLUT.framework in CopyFiles */ = {isa = PBXBuildFile; fileRef = BBAB23BE13894E4700AA2426 /* GLUT.framework */; };
		E4328149138ABC9F0047C5CB /* openFrameworksDebug.a in Frameworks */ = {isa = PBXBuildFile; fileRef = E4328148138ABC890047C5CB /* openFrameworksDebug.a */; };
		E45BE97B0E8CC7DD009D7055 /* AGL.framework in Frameworks */ = {isa = PBXBuildFile; fileRef = E45BE9710E8CC7DD009D7055 /* AGL.framework */; };
		E45BE97C0E8CC7DD009D7055 /* ApplicationServices.framework in Frameworks */ = {isa = PBXBuildFile; fileRef = E45BE9720E8CC7DD009D7055 /* ApplicationServices.framework */; };
		E45BE97D0E8CC7DD009D7055 /* AudioToolbox.framework in Frameworks */ = {isa = PBXBuildFile; fileRef = E45BE9730E8CC7DD009D7055 /* AudioToolbox.framework */; };
		E45BE97F0E8CC7DD009D7055 /* CoreAudio.framework in Frameworks */ = {isa = PBXBuildFile; fileRef = E45BE9750E8CC7DD009D7055 /* CoreAudio.framework */; };
		E45BE9800E8CC7DD009D7055 /* CoreFoundation.framework in Frameworks */ = {isa = PBXBuildFile; fileRef = E45BE9760E8CC7DD009D7055 /* CoreFoundation.framework */; };
		E45BE9810E8CC7DD009D7055 /* CoreServices.framework in Frameworks */ = {isa = PBXBuildFile; fileRef = E45BE9770E8CC7DD009D7055 /* CoreServices.framework */; };
		E45BE9830E8CC7DD009D7055 /* OpenGL.framework in Frameworks */ = {isa = PBXBuildFile; fileRef = E45BE9790E8CC7DD009D7055 /* OpenGL.framework */; };
		E45BE9840E8CC7DD009D7055 /* QuickTime.framework in Frameworks */ = {isa = PBXBuildFile; fileRef = E45BE97A0E8CC7DD009D7055 /* QuickTime.framework */; };
		E4B69E200A3A1BDC003C02F2 /* main.cpp in Sources */ = {isa = PBXBuildFile; fileRef = E4B69E1D0A3A1BDC003C02F2 /* main.cpp */; };
		E4B69E210A3A1BDC003C02F2 /* ofApp.cpp in Sources */ = {isa = PBXBuildFile; fileRef = E4B69E1E0A3A1BDC003C02F2 /* ofApp.cpp */; };
		E4C2424710CC5A17004149E2 /* AppKit.framework in Frameworks */ = {isa = PBXBuildFile; fileRef = E4C2424410CC5A17004149E2 /* AppKit.framework */; };
		E4C2424810CC5A17004149E2 /* Cocoa.framework in Frameworks */ = {isa = PBXBuildFile; fileRef = E4C2424510CC5A17004149E2 /* Cocoa.framework */; };
		E4C2424910CC5A17004149E2 /* IOKit.framework in Frameworks */ = {isa = PBXBuildFile; fileRef = E4C2424610CC5A17004149E2 /* IOKit.framework */; };
		E4EB6799138ADC1D00A09F29 /* GLUT.framework in Frameworks */ = {isa = PBXBuildFile; fileRef = BBAB23BE13894E4700AA2426 /* GLUT.framework */; };
		E7E077E515D3B63C0020DFD4 /* CoreVideo.framework in Frameworks */ = {isa = PBXBuildFile; fileRef = E7E077E415D3B63C0020DFD4 /* CoreVideo.framework */; };
		E7E077E815D3B6510020DFD4 /* QTKit.framework in Frameworks */ = {isa = PBXBuildFile; fileRef = E7E077E715D3B6510020DFD4 /* QTKit.framework */; };
		E7F985F815E0DEA3003869B5 /* Accelerate.framework in Frameworks */ = {isa = PBXBuildFile; fileRef = E7F985F515E0DE99003869B5 /* Accelerate.framework */; };
		cad1fe6da99b57591716bffb72c1b721 /* glmRectangle.cpp in Sources */ = {isa = PBXBuildFile; fileRef = c88fa837a70e5893d1030dabcce35e43 /* glmRectangle.cpp */; };
		d8f680c2f76e42593622099de294e5b4 /* glmGL.cpp in Sources */ = {isa = PBXBuildFile; fileRef = cdc784cb6bffd3d4e1361dca0a338ab2 /* glmGL.cpp */; };
/* End PBXBuildFile section */

/* Begin PBXContainerItemProxy section */
		E4328147138ABC890047C5CB /* PBXContainerItemProxy */ = {
			isa = PBXContainerItemProxy;
			containerPortal = E4328143138ABC890047C5CB /* openFrameworksLib.xcodeproj */;
			proxyType = 2;
			remoteGlobalIDString = E4B27C1510CBEB8E00536013;
			remoteInfo = openFrameworks;
		};
		E4EEB9AB138B136A00A80321 /* PBXContainerItemProxy */ = {
			isa = PBXContainerItemProxy;
			containerPortal = E4328143138ABC890047C5CB /* openFrameworksLib.xcodeproj */;
			proxyType = 1;
			remoteGlobalIDString = E4B27C1410CBEB8E00536013;
			remoteInfo = openFrameworks;
		};
/* End PBXContainerItemProxy section */

/* Begin PBXCopyFilesBuildPhase section */
		E4C2427710CC5ABF004149E2 /* CopyFiles */ = {
			isa = PBXCopyFilesBuildPhase;
			buildActionMask = 2147483647;
			dstPath = "";
			dstSubfolderSpec = 10;
			files = (
				BBAB23CB13894F3D00AA2426 /* GLUT.framework in CopyFiles */,
			);
			runOnlyForDeploymentPostprocessing = 0;
		};
/* End PBXCopyFilesBuildPhase section */

/* Begin PBXFileReference section */
		00525d553ba1819e9f7dc92e182ea9b9 /* type_mat3x2.hpp */ = {isa = PBXFileReference; explicitFileType = sourcecode.c.h; fileEncoding = 30; name = type_mat3x2.hpp; path = ../../../../../../Patricio/Desktop/openFrameworks/addons/ofxGlmTools/libs/glm/detail/type_mat3x2.hpp; sourceTree = SOURCE_ROOT; };
		0341695bbf6a54a78d47db01dcda2ebe /* simd_mat4.hpp */ = {isa = PBXFileReference; explicitFileType = sourcecode.c.h; fileEncoding = 30; name = simd_mat4.hpp; path = ../../../../../../Patricio/Desktop/openFrameworks/addons/ofxGlmTools/libs/glm/gtx/simd_mat4.hpp; sourceTree = SOURCE_ROOT; };
		05cec7bb5fafee92390147af1fb255fa /* type_gentype.hpp */ = {isa = PBXFileReference; explicitFileType = sourcecode.c.h; fileEncoding = 30; name = type_gentype.hpp; path = ../../../../../../Patricio/Desktop/openFrameworks/addons/ofxGlmTools/libs/glm/detail/type_gentype.hpp; sourceTree = SOURCE_ROOT; };
		05cfede77645118403feabb689c4463e /* wrap.hpp */ = {isa = PBXFileReference; explicitFileType = sourcecode.c.h; fileEncoding = 30; name = wrap.hpp; path = ../../../../../../Patricio/Desktop/openFrameworks/addons/ofxGlmTools/libs/glm/gtx/wrap.hpp; sourceTree = SOURCE_ROOT; };
		05f14575ed22c8d09456ec1af74ff2a6 /* perpendicular.hpp */ = {isa = PBXFileReference; explicitFileType = sourcecode.c.h; fileEncoding = 30; name = perpendicular.hpp; path = ../../../../../../Patricio/Desktop/openFrameworks/addons/ofxGlmTools/libs/glm/gtx/perpendicular.hpp; sourceTree = SOURCE_ROOT; };
		08948c631b71d15006818c3a86d7dace /* rotate_vector.hpp */ = {isa = PBXFileReference; explicitFileType = sourcecode.c.h; fileEncoding = 30; name = rotate_vector.hpp; path = ../../../../../../Patricio/Desktop/openFrameworks/addons/ofxGlmTools/libs/glm/gtx/rotate_vector.hpp; sourceTree = SOURCE_ROOT; };
		09e3473017bc409a33801f09e3718e8a /* func_geometric.hpp */ = {isa = PBXFileReference; explicitFileType = sourcecode.c.h; fileEncoding = 30; name = func_geometric.hpp; path = ../../../../../../Patricio/Desktop/openFrameworks/addons/ofxGlmTools/libs/glm/detail/func_geometric.hpp; sourceTree = SOURCE_ROOT; };
		0b8c876d85a3296d62b171fc442feee7 /* glmIntersection.h */ = {isa = PBXFileReference; explicitFileType = sourcecode.c.h; fileEncoding = 30; name = glmIntersection.h; path = ../../../../../../Patricio/Desktop/openFrameworks/addons/ofxGlmTools/libs/glmTools/glmIntersection.h; sourceTree = SOURCE_ROOT; };
		0c9569efafb1c1a79790bacee84a43e3 /* dual_quaternion.hpp */ = {isa = PBXFileReference; explicitFileType = sourcecode.c.h; fileEncoding = 30; name = dual_quaternion.hpp; path = ../../../../../../Patricio/Desktop/openFrameworks/addons/ofxGlmTools/libs/glm/gtx/dual_quaternion.hpp; sourceTree = SOURCE_ROOT; };
		0dab0f7bc0de7a57e14564502141e514 /* associated_min_max.hpp */ = {isa = PBXFileReference; explicitFileType = sourcecode.c.h; fileEncoding = 30; name = associated_min_max.hpp; path = ../../../../../../Patricio/Desktop/openFrameworks/addons/ofxGlmTools/libs/glm/gtx/associated_min_max.hpp; sourceTree = SOURCE_ROOT; };
		0f8bb7f9a9f4bdf49b1f6831bcba95dc /* glmFastPolyline.cpp */ = {isa = PBXFileReference; explicitFileType = sourcecode.cpp.cpp; fileEncoding = 30; name = glmFastPolyline.cpp; path = ../../../../../../Patricio/Desktop/openFrameworks/addons/ofxGlmTools/libs/glmTools/types/glmFastPolyline.cpp; sourceTree = SOURCE_ROOT; };
		11f90e79733edf397bb4548c1b5bec91 /* handed_coordinate_space.hpp */ = {isa = PBXFileReference; explicitFileType = sourcecode.c.h; fileEncoding = 30; name = handed_coordinate_space.hpp; path = ../../../../../../Patricio/Desktop/openFrameworks/addons/ofxGlmTools/libs/glm/gtx/handed_coordinate_space.hpp; sourceTree = SOURCE_ROOT; };
		1232fd4de4f6d80d8b453608b86270e3 /* intrinsic_integer.hpp */ = {isa = PBXFileReference; explicitFileType = sourcecode.c.h; fileEncoding = 30; name = intrinsic_integer.hpp; path = ../../../../../../Patricio/Desktop/openFrameworks/addons/ofxGlmTools/libs/glm/detail/intrinsic_integer.hpp; sourceTree = SOURCE_ROOT; };
		124da564174f82fdd5a4f440f6cd1010 /* type_vec3.hpp */ = {isa = PBXFileReference; explicitFileType = sourcecode.c.h; fileEncoding = 30; name = type_vec3.hpp; path = ../../../../../../Patricio/Desktop/openFrameworks/addons/ofxGlmTools/libs/glm/detail/type_vec3.hpp; sourceTree = SOURCE_ROOT; };
		12dcb6ba1e0a6abb266e1e9071be27b4 /* packing.hpp */ = {isa = PBXFileReference; explicitFileType = sourcecode.c.h; fileEncoding = 30; name = packing.hpp; path = ../../../../../../Patricio/Desktop/openFrameworks/addons/ofxGlmTools/libs/glm/packing.hpp; sourceTree = SOURCE_ROOT; };
		13882895596f25a2b058922c76bf86c7 /* glmPolarPoint.h */ = {isa = PBXFileReference; explicitFileType = sourcecode.c.h; fileEncoding = 30; name = glmPolarPoint.h; path = ../../../../../../Patricio/Desktop/openFrameworks/addons/ofxGlmTools/libs/glmTools/types/glmPolarPoint.h; sourceTree = SOURCE_ROOT; };
		1507b55b95bbd6c6f9f35ac8b4d6f8fa /* glmMesh.h */ = {isa = PBXFileReference; explicitFileType = sourcecode.c.h; fileEncoding = 30; name = glmMesh.h; path = ../../../../../../Patricio/Desktop/openFrameworks/addons/ofxGlmTools/libs/glmTools/types/glmMesh.h; sourceTree = SOURCE_ROOT; };
		1726b1960c380cbc73c157443f92edd9 /* glmLine.h */ = {isa = PBXFileReference; explicitFileType = sourcecode.c.h; fileEncoding = 30; name = glmLine.h; path = ../../../../../../Patricio/Desktop/openFrameworks/addons/ofxGlmTools/libs/glmTools/types/glmLine.h; sourceTree = SOURCE_ROOT; };
		1733b7c99b6877eb08dbe52aabb77f6c /* matrix_query.hpp */ = {isa = PBXFileReference; explicitFileType = sourcecode.c.h; fileEncoding = 30; name = matrix_query.hpp; path = ../../../../../../Patricio/Desktop/openFrameworks/addons/ofxGlmTools/libs/glm/gtx/matrix_query.hpp; sourceTree = SOURCE_ROOT; };
		17b17b5be7e2230b056f1f4ba4fbd8ae /* glmTriangle.h */ = {isa = PBXFileReference; explicitFileType = sourcecode.c.h; fileEncoding = 30; name = glmTriangle.h; path = ../../../../../../Patricio/Desktop/openFrameworks/addons/ofxGlmTools/libs/glmTools/types/glmTriangle.h; sourceTree = SOURCE_ROOT; };
		1f5d2253e52b28ad892c31fa1e1fe5f7 /* fast_exponential.hpp */ = {isa = PBXFileReference; explicitFileType = sourcecode.c.h; fileEncoding = 30; name = fast_exponential.hpp; path = ../../../../../../Patricio/Desktop/openFrameworks/addons/ofxGlmTools/libs/glm/gtx/fast_exponential.hpp; sourceTree = SOURCE_ROOT; };
		211c304871c8a6a57290f527dd3625bf /* ulp.hpp */ = {isa = PBXFileReference; explicitFileType = sourcecode.c.h; fileEncoding = 30; name = ulp.hpp; path = ../../../../../../Patricio/Desktop/openFrameworks/addons/ofxGlmTools/libs/glm/gtc/ulp.hpp; sourceTree = SOURCE_ROOT; };
		25dcf1a221a32a972d19715067cd3cbc /* type_mat.hpp */ = {isa = PBXFileReference; explicitFileType = sourcecode.c.h; fileEncoding = 30; name = type_mat.hpp; path = ../../../../../../Patricio/Desktop/openFrameworks/addons/ofxGlmTools/libs/glm/detail/type_mat.hpp; sourceTree = SOURCE_ROOT; };
		262a33386c9a8ff9f9d81b72c58ecfed /* type_mat4x4.hpp */ = {isa = PBXFileReference; explicitFileType = sourcecode.c.h; fileEncoding = 30; name = type_mat4x4.hpp; path = ../../../../../../Patricio/Desktop/openFrameworks/addons/ofxGlmTools/libs/glm/detail/type_mat4x4.hpp; sourceTree = SOURCE_ROOT; };
		2e09125368db1f5a1dfc8d01ecc0be3b /* glmTransform.h */ = {isa = PBXFileReference; explicitFileType = sourcecode.c.h; fileEncoding = 30; name = glmTransform.h; path = ../../../../../../Patricio/Desktop/openFrameworks/addons/ofxGlmTools/libs/glmTools/glmTransform.h; sourceTree = SOURCE_ROOT; };
		2ebff42c78ea6ea352da549e88817690 /* spline.hpp */ = {isa = PBXFileReference; explicitFileType = sourcecode.c.h; fileEncoding = 30; name = spline.hpp; path = ../../../../../../Patricio/Desktop/openFrameworks/addons/ofxGlmTools/libs/glm/gtx/spline.hpp; sourceTree = SOURCE_ROOT; };
		32a605a3150df5df19504efead5b7251 /* quaternion.hpp */ = {isa = PBXFileReference; explicitFileType = sourcecode.c.h; fileEncoding = 30; name = quaternion.hpp; path = ../../../../../../Patricio/Desktop/openFrameworks/addons/ofxGlmTools/libs/glm/gtx/quaternion.hpp; sourceTree = SOURCE_ROOT; };
		336c879752fd9f0cb7e6431774132a0f /* intrinsic_common.hpp */ = {isa = PBXFileReference; explicitFileType = sourcecode.c.h; fileEncoding = 30; name = intrinsic_common.hpp; path = ../../../../../../Patricio/Desktop/openFrameworks/addons/ofxGlmTools/libs/glm/detail/intrinsic_common.hpp; sourceTree = SOURCE_ROOT; };
		3377d14893513816738a3b70a1f86915 /* norm.hpp */ = {isa = PBXFileReference; explicitFileType = sourcecode.c.h; fileEncoding = 30; name = norm.hpp; path = ../../../../../../Patricio/Desktop/openFrameworks/addons/ofxGlmTools/libs/glm/gtx/norm.hpp; sourceTree = SOURCE_ROOT; };
		33a327c36d180de389de1e1450cb5ded /* transform2.hpp */ = {isa = PBXFileReference; explicitFileType = sourcecode.c.h; fileEncoding = 30; name = transform2.hpp; path = ../../../../../../Patricio/Desktop/openFrameworks/addons/ofxGlmTools/libs/glm/gtx/transform2.hpp; sourceTree = SOURCE_ROOT; };
		33d0aa77cf42076a784913fdc16fdeda /* transform.hpp */ = {isa = PBXFileReference; explicitFileType = sourcecode.c.h; fileEncoding = 30; name = transform.hpp; path = ../../../../../../Patricio/Desktop/openFrameworks/addons/ofxGlmTools/libs/glm/gtx/transform.hpp; sourceTree = SOURCE_ROOT; };
		3681dc912c5d24b3e2d06a97f92047ec /* integer.hpp */ = {isa = PBXFileReference; explicitFileType = sourcecode.c.h; fileEncoding = 30; name = integer.hpp; path = ../../../../../../Patricio/Desktop/openFrameworks/addons/ofxGlmTools/libs/glm/integer.hpp; sourceTree = SOURCE_ROOT; };
		37a643697d60b2a45df4d8dbe72e5ffe /* func_matrix.hpp */ = {isa = PBXFileReference; explicitFileType = sourcecode.c.h; fileEncoding = 30; name = func_matrix.hpp; path = ../../../../../../Patricio/Desktop/openFrameworks/addons/ofxGlmTools/libs/glm/detail/func_matrix.hpp; sourceTree = SOURCE_ROOT; };
		37b990319839683ea27d40a503bf3499 /* type_mat2x4.hpp */ = {isa = PBXFileReference; explicitFileType = sourcecode.c.h; fileEncoding = 30; name = type_mat2x4.hpp; path = ../../../../../../Patricio/Desktop/openFrameworks/addons/ofxGlmTools/libs/glm/detail/type_mat2x4.hpp; sourceTree = SOURCE_ROOT; };
		37f4d6dbb844a47f4d7fca9a96e05807 /* intersect.hpp */ = {isa = PBXFileReference; explicitFileType = sourcecode.c.h; fileEncoding = 30; name = intersect.hpp; path = ../../../../../../Patricio/Desktop/openFrameworks/addons/ofxGlmTools/libs/glm/gtx/intersect.hpp; sourceTree = SOURCE_ROOT; };
		386e873c2b07e238af4cd0233a2c4a0e /* glmString.h */ = {isa = PBXFileReference; explicitFileType = sourcecode.c.h; fileEncoding = 30; name = glmString.h; path = ../../../../../../Patricio/Desktop/openFrameworks/addons/ofxGlmTools/libs/glmTools/glmString.h; sourceTree = SOURCE_ROOT; };
		38703261bffe4ce835a41f53dfd598c1 /* _vectorize.hpp */ = {isa = PBXFileReference; explicitFileType = sourcecode.c.h; fileEncoding = 30; name = _vectorize.hpp; path = ../../../../../../Patricio/Desktop/openFrameworks/addons/ofxGlmTools/libs/glm/detail/_vectorize.hpp; sourceTree = SOURCE_ROOT; };
		3a98bdbdca2d6dc0ddc425abddac03d9 /* glmGL.h */ = {isa = PBXFileReference; explicitFileType = sourcecode.c.h; fileEncoding = 30; name = glmGL.h; path = ../../../../../../Patricio/Desktop/openFrameworks/addons/ofxGlmTools/libs/glmTools/glmGL.h; sourceTree = SOURCE_ROOT; };
		3ad4f75280ac93607dd6d28d58ef528c /* vector_relational.hpp */ = {isa = PBXFileReference; explicitFileType = sourcecode.c.h; fileEncoding = 30; name = vector_relational.hpp; path = ../../../../../../Patricio/Desktop/openFrameworks/addons/ofxGlmTools/libs/glm/vector_relational.hpp; sourceTree = SOURCE_ROOT; };
		3b2148f7dd22a8a30ba9c98ab5b3463c /* glm.cpp */ = {isa = PBXFileReference; explicitFileType = sourcecode.cpp.cpp; fileEncoding = 30; name = glm.cpp; path = ../../../../../../Patricio/Desktop/openFrameworks/addons/ofxGlmTools/libs/glm/detail/glm.cpp; sourceTree = SOURCE_ROOT; };
		3c9d2b867059d74a3455174f54864b22 /* random.hpp */ = {isa = PBXFileReference; explicitFileType = sourcecode.c.h; fileEncoding = 30; name = random.hpp; path = ../../../../../../Patricio/Desktop/openFrameworks/addons/ofxGlmTools/libs/glm/gtc/random.hpp; sourceTree = SOURCE_ROOT; };
		40ef4525ce4702db0e3413ef2e0a05aa /* fast_trigonometry.hpp */ = {isa = PBXFileReference; explicitFileType = sourcecode.c.h; fileEncoding = 30; name = fast_trigonometry.hpp; path = ../../../../../../Patricio/Desktop/openFrameworks/addons/ofxGlmTools/libs/glm/gtx/fast_trigonometry.hpp; sourceTree = SOURCE_ROOT; };
		410502299addd508c3cd3c855546c2db /* intrinsic_exponential.hpp */ = {isa = PBXFileReference; explicitFileType = sourcecode.c.h; fileEncoding = 30; name = intrinsic_exponential.hpp; path = ../../../../../../Patricio/Desktop/openFrameworks/addons/ofxGlmTools/libs/glm/detail/intrinsic_exponential.hpp; sourceTree = SOURCE_ROOT; };
		41808c414fde731acd390d31c732451f /* glmRay.h */ = {isa = PBXFileReference; explicitFileType = sourcecode.c.h; fileEncoding = 30; name = glmRay.h; path = ../../../../../../Patricio/Desktop/openFrameworks/addons/ofxGlmTools/libs/glmTools/types/glmRay.h; sourceTree = SOURCE_ROOT; };
		42026d97d2583157a87732c840f9202e /* mat2x3.hpp */ = {isa = PBXFileReference; explicitFileType = sourcecode.c.h; fileEncoding = 30; name = mat2x3.hpp; path = ../../../../../../Patricio/Desktop/openFrameworks/addons/ofxGlmTools/libs/glm/mat2x3.hpp; sourceTree = SOURCE_ROOT; };
		422dff2305663462e3092375d5bc8729 /* polar_coordinates.hpp */ = {isa = PBXFileReference; explicitFileType = sourcecode.c.h; fileEncoding = 30; name = polar_coordinates.hpp; path = ../../../../../../Patricio/Desktop/openFrameworks/addons/ofxGlmTools/libs/glm/gtx/polar_coordinates.hpp; sourceTree = SOURCE_ROOT; };
		4f38b6b6e97e395e09e85a7d70905b1e /* orthonormalize.hpp */ = {isa = PBXFileReference; explicitFileType = sourcecode.c.h; fileEncoding = 30; name = orthonormalize.hpp; path = ../../../../../../Patricio/Desktop/openFrameworks/addons/ofxGlmTools/libs/glm/gtx/orthonormalize.hpp; sourceTree = SOURCE_ROOT; };
		517bd768b2afa74861edc8526815cd53 /* noise.hpp */ = {isa = PBXFileReference; explicitFileType = sourcecode.c.h; fileEncoding = 30; name = noise.hpp; path = ../../../../../../Patricio/Desktop/openFrameworks/addons/ofxGlmTools/libs/glm/gtx/noise.hpp; sourceTree = SOURCE_ROOT; };
		548f83d8b78b58923ed0b9a10934d96e /* mat4x2.hpp */ = {isa = PBXFileReference; explicitFileType = sourcecode.c.h; fileEncoding = 30; name = mat4x2.hpp; path = ../../../../../../Patricio/Desktop/openFrameworks/addons/ofxGlmTools/libs/glm/mat4x2.hpp; sourceTree = SOURCE_ROOT; };
		55ce8c6f9bbb1519f8805997edb83e5f /* color_space_YCoCg.hpp */ = {isa = PBXFileReference; explicitFileType = sourcecode.c.h; fileEncoding = 30; name = color_space_YCoCg.hpp; path = ../../../../../../Patricio/Desktop/openFrameworks/addons/ofxGlmTools/libs/glm/gtx/color_space_YCoCg.hpp; sourceTree = SOURCE_ROOT; };
		55e9d6de99469ec58733143e7f3ebc3b /* type_mat4x3.hpp */ = {isa = PBXFileReference; explicitFileType = sourcecode.c.h; fileEncoding = 30; name = type_mat4x3.hpp; path = ../../../../../../Patricio/Desktop/openFrameworks/addons/ofxGlmTools/libs/glm/detail/type_mat4x3.hpp; sourceTree = SOURCE_ROOT; };
		56a8515b4e6f53e5e22486b83fe124be /* glmPolarPoint.cpp */ = {isa = PBXFileReference; explicitFileType = sourcecode.cpp.cpp; fileEncoding = 30; name = glmPolarPoint.cpp; path = ../../../../../../Patricio/Desktop/openFrameworks/addons/ofxGlmTools/libs/glmTools/types/glmPolarPoint.cpp; sourceTree = SOURCE_ROOT; };
		585a9f4cd3e7499862e7ff13c48e3c78 /* mat3x2.hpp */ = {isa = PBXFileReference; explicitFileType = sourcecode.c.h; fileEncoding = 30; name = mat3x2.hpp; path = ../../../../../../Patricio/Desktop/openFrameworks/addons/ofxGlmTools/libs/glm/mat3x2.hpp; sourceTree = SOURCE_ROOT; };
		585c6354e5a3d47011ed2ec981cefafe /* optimum_pow.hpp */ = {isa = PBXFileReference; explicitFileType = sourcecode.c.h; fileEncoding = 30; name = optimum_pow.hpp; path = ../../../../../../Patricio/Desktop/openFrameworks/addons/ofxGlmTools/libs/glm/gtx/optimum_pow.hpp; sourceTree = SOURCE_ROOT; };
		5a06e4b45eb7dcd71af443fcbc00bd49 /* string_cast.hpp */ = {isa = PBXFileReference; explicitFileType = sourcecode.c.h; fileEncoding = 30; name = string_cast.hpp; path = ../../../../../../Patricio/Desktop/openFrameworks/addons/ofxGlmTools/libs/glm/gtx/string_cast.hpp; sourceTree = SOURCE_ROOT; };
		5d5683b84c26a9e7bb1cbaf999948664 /* color_space.hpp */ = {isa = PBXFileReference; explicitFileType = sourcecode.c.h; fileEncoding = 30; name = color_space.hpp; path = ../../../../../../Patricio/Desktop/openFrameworks/addons/ofxGlmTools/libs/glm/gtx/color_space.hpp; sourceTree = SOURCE_ROOT; };
		5ffc4b784d39306c8382db1839797b81 /* matrix_interpolation.hpp */ = {isa = PBXFileReference; explicitFileType = sourcecode.c.h; fileEncoding = 30; name = matrix_interpolation.hpp; path = ../../../../../../Patricio/Desktop/openFrameworks/addons/ofxGlmTools/libs/glm/gtx/matrix_interpolation.hpp; sourceTree = SOURCE_ROOT; };
		60bac01aa465f68bd2767289c0b6f693 /* glmIntersection.cpp */ = {isa = PBXFileReference; explicitFileType = sourcecode.cpp.cpp; fileEncoding = 30; name = glmIntersection.cpp; path = ../../../../../../Patricio/Desktop/openFrameworks/addons/ofxGlmTools/libs/glmTools/glmIntersection.cpp; sourceTree = SOURCE_ROOT; };
		6153fcf0cbddf7b27ae40d98678b2a34 /* constants.hpp */ = {isa = PBXFileReference; explicitFileType = sourcecode.c.h; fileEncoding = 30; name = constants.hpp; path = ../../../../../../Patricio/Desktop/openFrameworks/addons/ofxGlmTools/libs/glm/gtx/constants.hpp; sourceTree = SOURCE_ROOT; };
		61bb5f93d0d583bb338428f8321ce960 /* vec4.hpp */ = {isa = PBXFileReference; explicitFileType = sourcecode.c.h; fileEncoding = 30; name = vec4.hpp; path = ../../../../../../Patricio/Desktop/openFrameworks/addons/ofxGlmTools/libs/glm/vec4.hpp; sourceTree = SOURCE_ROOT; };
		62b20410545d77efd2be40bb490e4dea /* _literals.hpp */ = {isa = PBXFileReference; explicitFileType = sourcecode.c.h; fileEncoding = 30; name = _literals.hpp; path = ../../../../../../Patricio/Desktop/openFrameworks/addons/ofxGlmTools/libs/glm/detail/_literals.hpp; sourceTree = SOURCE_ROOT; };
		62cd6e2ca0ac557c9a0b3b9ba7101297 /* matrix_transform.hpp */ = {isa = PBXFileReference; explicitFileType = sourcecode.c.h; fileEncoding = 30; name = matrix_transform.hpp; path = ../../../../../../Patricio/Desktop/openFrameworks/addons/ofxGlmTools/libs/glm/gtc/matrix_transform.hpp; sourceTree = SOURCE_ROOT; };
		634742d333028ee076be197f2212e8af /* epsilon.hpp */ = {isa = PBXFileReference; explicitFileType = sourcecode.c.h; fileEncoding = 30; name = epsilon.hpp; path = ../../../../../../Patricio/Desktop/openFrameworks/addons/ofxGlmTools/libs/glm/gtc/epsilon.hpp; sourceTree = SOURCE_ROOT; };
		637e283bacfb089ba12433af447e5b78 /* _swizzle_func.hpp */ = {isa = PBXFileReference; explicitFileType = sourcecode.c.h; fileEncoding = 30; name = _swizzle_func.hpp; path = ../../../../../../Patricio/Desktop/openFrameworks/addons/ofxGlmTools/libs/glm/detail/_swizzle_func.hpp; sourceTree = SOURCE_ROOT; };
		65d3e44bec1b582faa3bc0c5bf3fd61b /* epsilon.hpp */ = {isa = PBXFileReference; explicitFileType = sourcecode.c.h; fileEncoding = 30; name = epsilon.hpp; path = ../../../../../../Patricio/Desktop/openFrameworks/addons/ofxGlmTools/libs/glm/gtx/epsilon.hpp; sourceTree = SOURCE_ROOT; };
		6679aa1fa0caf645e2cbe80a40d45d37 /* mat3x3.hpp */ = {isa = PBXFileReference; explicitFileType = sourcecode.c.h; fileEncoding = 30; name = mat3x3.hpp; path = ../../../../../../Patricio/Desktop/openFrameworks/addons/ofxGlmTools/libs/glm/mat3x3.hpp; sourceTree = SOURCE_ROOT; };
		66e003f5daeb893f0e0f7054015e92c2 /* raw_data.hpp */ = {isa = PBXFileReference; explicitFileType = sourcecode.c.h; fileEncoding = 30; name = raw_data.hpp; path = ../../../../../../Patricio/Desktop/openFrameworks/addons/ofxGlmTools/libs/glm/gtx/raw_data.hpp; sourceTree = SOURCE_ROOT; };
		6c45318f9f55715d5e1b6351d32cdbb0 /* vec3.hpp */ = {isa = PBXFileReference; explicitFileType = sourcecode.c.h; fileEncoding = 30; name = vec3.hpp; path = ../../../../../../Patricio/Desktop/openFrameworks/addons/ofxGlmTools/libs/glm/vec3.hpp; sourceTree = SOURCE_ROOT; };
		70fbd2937abd6c33e8d6d7f85100ed72 /* mat4x3.hpp */ = {isa = PBXFileReference; explicitFileType = sourcecode.c.h; fileEncoding = 30; name = mat4x3.hpp; path = ../../../../../../Patricio/Desktop/openFrameworks/addons/ofxGlmTools/libs/glm/mat4x3.hpp; sourceTree = SOURCE_ROOT; };
		70fd236c2ab2f95029354532803504a7 /* quaternion.hpp */ = {isa = PBXFileReference; explicitFileType = sourcecode.c.h; fileEncoding = 30; name = quaternion.hpp; path = ../../../../../../Patricio/Desktop/openFrameworks/addons/ofxGlmTools/libs/glm/gtc/quaternion.hpp; sourceTree = SOURCE_ROOT; };
		71f0731eaf0484f6e2ba605bcd718237 /* component_wise.hpp */ = {isa = PBXFileReference; explicitFileType = sourcecode.c.h; fileEncoding = 30; name = component_wise.hpp; path = ../../../../../../Patricio/Desktop/openFrameworks/addons/ofxGlmTools/libs/glm/gtx/component_wise.hpp; sourceTree = SOURCE_ROOT; };
		7418886d2830fd9d06d89d7fab956f3e /* matrix_cross_product.hpp */ = {isa = PBXFileReference; explicitFileType = sourcecode.c.h; fileEncoding = 30; name = matrix_cross_product.hpp; path = ../../../../../../Patricio/Desktop/openFrameworks/addons/ofxGlmTools/libs/glm/gtx/matrix_cross_product.hpp; sourceTree = SOURCE_ROOT; };
		742dcd1b55ac0166f89eb9a135fd5165 /* func_packing.hpp */ = {isa = PBXFileReference; explicitFileType = sourcecode.c.h; fileEncoding = 30; name = func_packing.hpp; path = ../../../../../../Patricio/Desktop/openFrameworks/addons/ofxGlmTools/libs/glm/detail/func_packing.hpp; sourceTree = SOURCE_ROOT; };
		747737044e84e65a6a40033affc72401 /* vec2.hpp */ = {isa = PBXFileReference; explicitFileType = sourcecode.c.h; fileEncoding = 30; name = vec2.hpp; path = ../../../../../../Patricio/Desktop/openFrameworks/addons/ofxGlmTools/libs/glm/vec2.hpp; sourceTree = SOURCE_ROOT; };
		74bef271c23988d0ffd9a232320e9be5 /* matrix_major_storage.hpp */ = {isa = PBXFileReference; explicitFileType = sourcecode.c.h; fileEncoding = 30; name = matrix_major_storage.hpp; path = ../../../../../../Patricio/Desktop/openFrameworks/addons/ofxGlmTools/libs/glm/gtx/matrix_major_storage.hpp; sourceTree = SOURCE_ROOT; };
		762badf33863b9123a1a21157bf49399 /* type_mat3x4.hpp */ = {isa = PBXFileReference; explicitFileType = sourcecode.c.h; fileEncoding = 30; name = type_mat3x4.hpp; path = ../../../../../../Patricio/Desktop/openFrameworks/addons/ofxGlmTools/libs/glm/detail/type_mat3x4.hpp; sourceTree = SOURCE_ROOT; };
		770f0cf9e3a47ef11bd9051683851509 /* glmPolyline.cpp */ = {isa = PBXFileReference; explicitFileType = sourcecode.cpp.cpp; fileEncoding = 30; name = glmPolyline.cpp; path = ../../../../../../Patricio/Desktop/openFrameworks/addons/ofxGlmTools/libs/glmTools/types/glmPolyline.cpp; sourceTree = SOURCE_ROOT; };
		78643075e0c3f6d7975d1ec0a7e33c99 /* intrinsic_matrix.hpp */ = {isa = PBXFileReference; explicitFileType = sourcecode.c.h; fileEncoding = 30; name = intrinsic_matrix.hpp; path = ../../../../../../Patricio/Desktop/openFrameworks/addons/ofxGlmTools/libs/glm/detail/intrinsic_matrix.hpp; sourceTree = SOURCE_ROOT; };
		78e7f33239617e9737352f71e3210bdb /* mat3x4.hpp */ = {isa = PBXFileReference; explicitFileType = sourcecode.c.h; fileEncoding = 30; name = mat3x4.hpp; path = ../../../../../../Patricio/Desktop/openFrameworks/addons/ofxGlmTools/libs/glm/mat3x4.hpp; sourceTree = SOURCE_ROOT; };
		79f21f808edb666343c0d8af0a74e9fc /* type_vec1.hpp */ = {isa = PBXFileReference; explicitFileType = sourcecode.c.h; fileEncoding = 30; name = type_vec1.hpp; path = ../../../../../../Patricio/Desktop/openFrameworks/addons/ofxGlmTools/libs/glm/detail/type_vec1.hpp; sourceTree = SOURCE_ROOT; };
		7adaca7063e25e0e7ba72687db9705f0 /* intrinsic_vector_relational.hpp */ = {isa = PBXFileReference; explicitFileType = sourcecode.c.h; fileEncoding = 30; name = intrinsic_vector_relational.hpp; path = ../../../../../../Patricio/Desktop/openFrameworks/addons/ofxGlmTools/libs/glm/detail/intrinsic_vector_relational.hpp; sourceTree = SOURCE_ROOT; };
		7e9f16e101c8efe888aff8ee2a1d135c /* random.hpp */ = {isa = PBXFileReference; explicitFileType = sourcecode.c.h; fileEncoding = 30; name = random.hpp; path = ../../../../../../Patricio/Desktop/openFrameworks/addons/ofxGlmTools/libs/glm/gtx/random.hpp; sourceTree = SOURCE_ROOT; };
		81c02f477ed22452f023602be1965b07 /* euler_angles.hpp */ = {isa = PBXFileReference; explicitFileType = sourcecode.c.h; fileEncoding = 30; name = euler_angles.hpp; path = ../../../../../../Patricio/Desktop/openFrameworks/addons/ofxGlmTools/libs/glm/gtx/euler_angles.hpp; sourceTree = SOURCE_ROOT; };
		837ce397d34f15d0bd1760ad0ce7e607 /* _features.hpp */ = {isa = PBXFileReference; explicitFileType = sourcecode.c.h; fileEncoding = 30; name = _features.hpp; path = ../../../../../../Patricio/Desktop/openFrameworks/addons/ofxGlmTools/libs/glm/detail/_features.hpp; sourceTree = SOURCE_ROOT; };
		86a508ebd01ef0631e0cd3c6d4bde4de /* vector_angle.hpp */ = {isa = PBXFileReference; explicitFileType = sourcecode.c.h; fileEncoding = 30; name = vector_angle.hpp; path = ../../../../../../Patricio/Desktop/openFrameworks/addons/ofxGlmTools/libs/glm/gtx/vector_angle.hpp; sourceTree = SOURCE_ROOT; };
		8852f8ef28323cdd62efd22df5c8eafe /* type_int.hpp */ = {isa = PBXFileReference; explicitFileType = sourcecode.c.h; fileEncoding = 30; name = type_int.hpp; path = ../../../../../../Patricio/Desktop/openFrameworks/addons/ofxGlmTools/libs/glm/detail/type_int.hpp; sourceTree = SOURCE_ROOT; };
		8f30b67eb6d6152e4c39f88207aaafe2 /* log_base.hpp */ = {isa = PBXFileReference; explicitFileType = sourcecode.c.h; fileEncoding = 30; name = log_base.hpp; path = ../../../../../../Patricio/Desktop/openFrameworks/addons/ofxGlmTools/libs/glm/gtx/log_base.hpp; sourceTree = SOURCE_ROOT; };
		8fa80f3aa36db6a4660926c86f091ff0 /* matrix_access.hpp */ = {isa = PBXFileReference; explicitFileType = sourcecode.c.h; fileEncoding = 30; name = matrix_access.hpp; path = ../../../../../../Patricio/Desktop/openFrameworks/addons/ofxGlmTools/libs/glm/gtc/matrix_access.hpp; sourceTree = SOURCE_ROOT; };
		94d98852e358094a0dca234712a5ed06 /* type_vec.hpp */ = {isa = PBXFileReference; explicitFileType = sourcecode.c.h; fileEncoding = 30; name = type_vec.hpp; path = ../../../../../../Patricio/Desktop/openFrameworks/addons/ofxGlmTools/libs/glm/detail/type_vec.hpp; sourceTree = SOURCE_ROOT; };
		95326f373cd12afeedde61359a28132d /* hint.hpp */ = {isa = PBXFileReference; explicitFileType = sourcecode.c.h; fileEncoding = 30; name = hint.hpp; path = ../../../../../../Patricio/Desktop/openFrameworks/addons/ofxGlmTools/libs/glm/detail/hint.hpp; sourceTree = SOURCE_ROOT; };
		963b4b2c8a2dfb43ab7748a6aedc6aa7 /* multiple.hpp */ = {isa = PBXFileReference; explicitFileType = sourcecode.c.h; fileEncoding = 30; name = multiple.hpp; path = ../../../../../../Patricio/Desktop/openFrameworks/addons/ofxGlmTools/libs/glm/gtx/multiple.hpp; sourceTree = SOURCE_ROOT; };
		96abf1a161fac073b6447d4e385593bd /* simd_quat.hpp */ = {isa = PBXFileReference; explicitFileType = sourcecode.c.h; fileEncoding = 30; name = simd_quat.hpp; path = ../../../../../../Patricio/Desktop/openFrameworks/addons/ofxGlmTools/libs/glm/gtx/simd_quat.hpp; sourceTree = SOURCE_ROOT; };
		96db25349676e85fcc3f33f8cf838f05 /* glmMesh.cpp */ = {isa = PBXFileReference; explicitFileType = sourcecode.cpp.cpp; fileEncoding = 30; name = glmMesh.cpp; path = ../../../../../../Patricio/Desktop/openFrameworks/addons/ofxGlmTools/libs/glmTools/types/glmMesh.cpp; sourceTree = SOURCE_ROOT; };
		9884f58f4c9de4c8a5f4db35a4f010da /* rotate_normalized_axis.hpp */ = {isa = PBXFileReference; explicitFileType = sourcecode.c.h; fileEncoding = 30; name = rotate_normalized_axis.hpp; path = ../../../../../../Patricio/Desktop/openFrameworks/addons/ofxGlmTools/libs/glm/gtx/rotate_normalized_axis.hpp; sourceTree = SOURCE_ROOT; };
		9a9555dcdc624af4f7d60a8e5aa65a09 /* mat4x4.hpp */ = {isa = PBXFileReference; explicitFileType = sourcecode.c.h; fileEncoding = 30; name = mat4x4.hpp; path = ../../../../../../Patricio/Desktop/openFrameworks/addons/ofxGlmTools/libs/glm/mat4x4.hpp; sourceTree = SOURCE_ROOT; };
		9b50adad28780ca319f2e218d10e1d64 /* inertia.hpp */ = {isa = PBXFileReference; explicitFileType = sourcecode.c.h; fileEncoding = 30; name = inertia.hpp; path = ../../../../../../Patricio/Desktop/openFrameworks/addons/ofxGlmTools/libs/glm/gtx/inertia.hpp; sourceTree = SOURCE_ROOT; };
		9cb17449c3b71a42db6dde93112603bb /* matrix.hpp */ = {isa = PBXFileReference; explicitFileType = sourcecode.c.h; fileEncoding = 30; name = matrix.hpp; path = ../../../../../../Patricio/Desktop/openFrameworks/addons/ofxGlmTools/libs/glm/matrix.hpp; sourceTree = SOURCE_ROOT; };
		9d0ee6d3eb596c97122fd1ee512ee26d /* number_precision.hpp */ = {isa = PBXFileReference; explicitFileType = sourcecode.c.h; fileEncoding = 30; name = number_precision.hpp; path = ../../../../../../Patricio/Desktop/openFrameworks/addons/ofxGlmTools/libs/glm/gtx/number_precision.hpp; sourceTree = SOURCE_ROOT; };
		9d4e8d4404d15dc0fd8a9ef3d35b9700 /* reciprocal.hpp */ = {isa = PBXFileReference; explicitFileType = sourcecode.c.h; fileEncoding = 30; name = reciprocal.hpp; path = ../../../../../../Patricio/Desktop/openFrameworks/addons/ofxGlmTools/libs/glm/gtc/reciprocal.hpp; sourceTree = SOURCE_ROOT; };
		9e6a8a3bbe1e12717d78bfc1723f6727 /* vector_query.hpp */ = {isa = PBXFileReference; explicitFileType = sourcecode.c.h; fileEncoding = 30; name = vector_query.hpp; path = ../../../../../../Patricio/Desktop/openFrameworks/addons/ofxGlmTools/libs/glm/gtx/vector_query.hpp; sourceTree = SOURCE_ROOT; };
		BBAB23BE13894E4700AA2426 /* GLUT.framework */ = {isa = PBXFileReference; lastKnownFileType = wrapper.framework; name = GLUT.framework; path = ../../../../../../Patricio/Desktop/openFrameworks/libs/glut/lib/osx/GLUT.framework; sourceTree = "<group>"; };
		E4328143138ABC890047C5CB /* openFrameworksLib.xcodeproj */ = {isa = PBXFileReference; lastKnownFileType = "wrapper.pb-project"; name = openFrameworksLib.xcodeproj; path = ../../../../../../Patricio/Desktop/openFrameworks/libs/openFrameworksCompiled/project/osx/openFrameworksLib.xcodeproj; sourceTree = SOURCE_ROOT; };
		E45BE9710E8CC7DD009D7055 /* AGL.framework */ = {isa = PBXFileReference; lastKnownFileType = wrapper.framework; name = AGL.framework; path = /System/Library/Frameworks/AGL.framework; sourceTree = "<absolute>"; };
		E45BE9720E8CC7DD009D7055 /* ApplicationServices.framework */ = {isa = PBXFileReference; lastKnownFileType = wrapper.framework; name = ApplicationServices.framework; path = /System/Library/Frameworks/ApplicationServices.framework; sourceTree = "<absolute>"; };
		E45BE9730E8CC7DD009D7055 /* AudioToolbox.framework */ = {isa = PBXFileReference; lastKnownFileType = wrapper.framework; name = AudioToolbox.framework; path = /System/Library/Frameworks/AudioToolbox.framework; sourceTree = "<absolute>"; };
		E45BE9750E8CC7DD009D7055 /* CoreAudio.framework */ = {isa = PBXFileReference; lastKnownFileType = wrapper.framework; name = CoreAudio.framework; path = /System/Library/Frameworks/CoreAudio.framework; sourceTree = "<absolute>"; };
		E45BE9760E8CC7DD009D7055 /* CoreFoundation.framework */ = {isa = PBXFileReference; lastKnownFileType = wrapper.framework; name = CoreFoundation.framework; path = /System/Library/Frameworks/CoreFoundation.framework; sourceTree = "<absolute>"; };
		E45BE9770E8CC7DD009D7055 /* CoreServices.framework */ = {isa = PBXFileReference; lastKnownFileType = wrapper.framework; name = CoreServices.framework; path = /System/Library/Frameworks/CoreServices.framework; sourceTree = "<absolute>"; };
		E45BE9790E8CC7DD009D7055 /* OpenGL.framework */ = {isa = PBXFileReference; lastKnownFileType = wrapper.framework; name = OpenGL.framework; path = /System/Library/Frameworks/OpenGL.framework; sourceTree = "<absolute>"; };
		E45BE97A0E8CC7DD009D7055 /* QuickTime.framework */ = {isa = PBXFileReference; lastKnownFileType = wrapper.framework; name = QuickTime.framework; path = /System/Library/Frameworks/QuickTime.framework; sourceTree = "<absolute>"; };
		E4B69B5B0A3A1756003C02F2 /* Mesh2OSMSlicerDebug.app */ = {isa = PBXFileReference; explicitFileType = wrapper.application; includeInIndex = 0; path = Mesh2OSMSlicerDebug.app; sourceTree = BUILT_PRODUCTS_DIR; };
		E4B69E1D0A3A1BDC003C02F2 /* main.cpp */ = {isa = PBXFileReference; fileEncoding = 30; lastKnownFileType = sourcecode.cpp.cpp; name = main.cpp; path = src/main.cpp; sourceTree = SOURCE_ROOT; };
		E4B69E1E0A3A1BDC003C02F2 /* ofApp.cpp */ = {isa = PBXFileReference; explicitFileType = sourcecode.cpp.cpp; fileEncoding = 30; name = ofApp.cpp; path = src/ofApp.cpp; sourceTree = SOURCE_ROOT; };
		E4B69E1F0A3A1BDC003C02F2 /* ofApp.h */ = {isa = PBXFileReference; fileEncoding = 30; lastKnownFileType = sourcecode.c.h; name = ofApp.h; path = src/ofApp.h; sourceTree = SOURCE_ROOT; };
		E4B6FCAD0C3E899E008CF71C /* openFrameworks-Info.plist */ = {isa = PBXFileReference; fileEncoding = 30; lastKnownFileType = text.plist.xml; path = "openFrameworks-Info.plist"; sourceTree = "<group>"; };
		E4C2424410CC5A17004149E2 /* AppKit.framework */ = {isa = PBXFileReference; lastKnownFileType = wrapper.framework; name = AppKit.framework; path = /System/Library/Frameworks/AppKit.framework; sourceTree = "<absolute>"; };
		E4C2424510CC5A17004149E2 /* Cocoa.framework */ = {isa = PBXFileReference; lastKnownFileType = wrapper.framework; name = Cocoa.framework; path = /System/Library/Frameworks/Cocoa.framework; sourceTree = "<absolute>"; };
		E4C2424610CC5A17004149E2 /* IOKit.framework */ = {isa = PBXFileReference; lastKnownFileType = wrapper.framework; name = IOKit.framework; path = /System/Library/Frameworks/IOKit.framework; sourceTree = "<absolute>"; };
		E4EB691F138AFCF100A09F29 /* CoreOF.xcconfig */ = {isa = PBXFileReference; fileEncoding = 4; lastKnownFileType = text.xcconfig; name = CoreOF.xcconfig; path = ../../../../../../Patricio/Desktop/openFrameworks/libs/openFrameworksCompiled/project/osx/CoreOF.xcconfig; sourceTree = SOURCE_ROOT; };
		E4EB6923138AFD0F00A09F29 /* Project.xcconfig */ = {isa = PBXFileReference; fileEncoding = 4; lastKnownFileType = text.xcconfig; path = Project.xcconfig; sourceTree = "<group>"; };
		E7E077E415D3B63C0020DFD4 /* CoreVideo.framework */ = {isa = PBXFileReference; lastKnownFileType = wrapper.framework; name = CoreVideo.framework; path = /System/Library/Frameworks/CoreVideo.framework; sourceTree = "<absolute>"; };
		E7E077E715D3B6510020DFD4 /* QTKit.framework */ = {isa = PBXFileReference; lastKnownFileType = wrapper.framework; name = QTKit.framework; path = /System/Library/Frameworks/QTKit.framework; sourceTree = "<absolute>"; };
		E7F985F515E0DE99003869B5 /* Accelerate.framework */ = {isa = PBXFileReference; lastKnownFileType = wrapper.framework; name = Accelerate.framework; path = /System/Library/Frameworks/Accelerate.framework; sourceTree = "<absolute>"; };
		a0f0ac2181f57d00a829db40919a03cd /* precision.hpp */ = {isa = PBXFileReference; explicitFileType = sourcecode.c.h; fileEncoding = 30; name = precision.hpp; path = ../../../../../../Patricio/Desktop/openFrameworks/addons/ofxGlmTools/libs/glm/detail/precision.hpp; sourceTree = SOURCE_ROOT; };
		a3f6ee41d626b5b8d96746de067b0ae5 /* glmGeo.h */ = {isa = PBXFileReference; explicitFileType = sourcecode.c.h; fileEncoding = 30; name = glmGeo.h; path = ../../../../../../Patricio/Desktop/openFrameworks/addons/ofxGlmTools/libs/glmTools/glmGeo.h; sourceTree = SOURCE_ROOT; };
		a4992584f47bbeb3265e3ca69a65f117 /* scalar_relational.hpp */ = {isa = PBXFileReference; explicitFileType = sourcecode.c.h; fileEncoding = 30; name = scalar_relational.hpp; path = ../../../../../../Patricio/Desktop/openFrameworks/addons/ofxGlmTools/libs/glm/gtx/scalar_relational.hpp; sourceTree = SOURCE_ROOT; };
		a58e28bef98d9715d84e7e2e1c240c57 /* gradient_paint.hpp */ = {isa = PBXFileReference; explicitFileType = sourcecode.c.h; fileEncoding = 30; name = gradient_paint.hpp; path = ../../../../../../Patricio/Desktop/openFrameworks/addons/ofxGlmTools/libs/glm/gtx/gradient_paint.hpp; sourceTree = SOURCE_ROOT; };
		a6961ce5fb2fb6a90e364ea47631ef68 /* matrix_integer.hpp */ = {isa = PBXFileReference; explicitFileType = sourcecode.c.h; fileEncoding = 30; name = matrix_integer.hpp; path = ../../../../../../Patricio/Desktop/openFrameworks/addons/ofxGlmTools/libs/glm/gtc/matrix_integer.hpp; sourceTree = SOURCE_ROOT; };
		a6b34062fad8202426c282e978f955d8 /* glmPolyline.h */ = {isa = PBXFileReference; explicitFileType = sourcecode.c.h; fileEncoding = 30; name = glmPolyline.h; path = ../../../../../../Patricio/Desktop/openFrameworks/addons/ofxGlmTools/libs/glmTools/types/glmPolyline.h; sourceTree = SOURCE_ROOT; };
		a6be8a5ac10796ea9e1baa31d97db31b /* type_mat2x2.hpp */ = {isa = PBXFileReference; explicitFileType = sourcecode.c.h; fileEncoding = 30; name = type_mat2x2.hpp; path = ../../../../../../Patricio/Desktop/openFrameworks/addons/ofxGlmTools/libs/glm/detail/type_mat2x2.hpp; sourceTree = SOURCE_ROOT; };
		a7354d0031c9301a052d556e329753d9 /* bit.hpp */ = {isa = PBXFileReference; explicitFileType = sourcecode.c.h; fileEncoding = 30; name = bit.hpp; path = ../../../../../../Patricio/Desktop/openFrameworks/addons/ofxGlmTools/libs/glm/gtx/bit.hpp; sourceTree = SOURCE_ROOT; };
		ab379a4a391d2b3506bb40885c803e1c /* type_mat2x3.hpp */ = {isa = PBXFileReference; explicitFileType = sourcecode.c.h; fileEncoding = 30; name = type_mat2x3.hpp; path = ../../../../../../Patricio/Desktop/openFrameworks/addons/ofxGlmTools/libs/glm/detail/type_mat2x3.hpp; sourceTree = SOURCE_ROOT; };
		ac1b13d07af4b8028be2d3dda38616da /* setup.hpp */ = {isa = PBXFileReference; explicitFileType = sourcecode.c.h; fileEncoding = 30; name = setup.hpp; path = ../../../../../../Patricio/Desktop/openFrameworks/addons/ofxGlmTools/libs/glm/detail/setup.hpp; sourceTree = SOURCE_ROOT; };
		ad9edfbe9bb7c718a467cbb5279f9ab3 /* glm.hpp */ = {isa = PBXFileReference; explicitFileType = sourcecode.c.h; fileEncoding = 30; name = glm.hpp; path = ../../../../../../Patricio/Desktop/openFrameworks/addons/ofxGlmTools/libs/glm/glm.hpp; sourceTree = SOURCE_ROOT; };
		ae32c431b1b4ffb5653737273f656e07 /* fast_square_root.hpp */ = {isa = PBXFileReference; explicitFileType = sourcecode.c.h; fileEncoding = 30; name = fast_square_root.hpp; path = ../../../../../../Patricio/Desktop/openFrameworks/addons/ofxGlmTools/libs/glm/gtx/fast_square_root.hpp; sourceTree = SOURCE_ROOT; };
		aefd3fe6a3106281bc82630ebc9895cd /* extend.hpp */ = {isa = PBXFileReference; explicitFileType = sourcecode.c.h; fileEncoding = 30; name = extend.hpp; path = ../../../../../../Patricio/Desktop/openFrameworks/addons/ofxGlmTools/libs/glm/gtx/extend.hpp; sourceTree = SOURCE_ROOT; };
		afbcfdb55c748b224cc2d48714dc156e /* io.hpp */ = {isa = PBXFileReference; explicitFileType = sourcecode.c.h; fileEncoding = 30; name = io.hpp; path = ../../../../../../Patricio/Desktop/openFrameworks/addons/ofxGlmTools/libs/glm/gtx/io.hpp; sourceTree = SOURCE_ROOT; };
		b20355d0bcc2ce007fd443161084ab2d /* projection.hpp */ = {isa = PBXFileReference; explicitFileType = sourcecode.c.h; fileEncoding = 30; name = projection.hpp; path = ../../../../../../Patricio/Desktop/openFrameworks/addons/ofxGlmTools/libs/glm/gtx/projection.hpp; sourceTree = SOURCE_ROOT; };
		b207c2e7cb61776e242144818521ca75 /* ulp.hpp */ = {isa = PBXFileReference; explicitFileType = sourcecode.c.h; fileEncoding = 30; name = ulp.hpp; path = ../../../../../../Patricio/Desktop/openFrameworks/addons/ofxGlmTools/libs/glm/gtx/ulp.hpp; sourceTree = SOURCE_ROOT; };
		b3178c1f85acce766d5dbfe78131b733 /* mat2x2.hpp */ = {isa = PBXFileReference; explicitFileType = sourcecode.c.h; fileEncoding = 30; name = mat2x2.hpp; path = ../../../../../../Patricio/Desktop/openFrameworks/addons/ofxGlmTools/libs/glm/mat2x2.hpp; sourceTree = SOURCE_ROOT; };
		b354f3a5440c62614bbd253cc15bb7d0 /* glmRectangle.h */ = {isa = PBXFileReference; explicitFileType = sourcecode.c.h; fileEncoding = 30; name = glmRectangle.h; path = ../../../../../../Patricio/Desktop/openFrameworks/addons/ofxGlmTools/libs/glmTools/types/glmRectangle.h; sourceTree = SOURCE_ROOT; };
		b687ff6b219ea94a9ba9c470d331f4d5 /* func_vector_relational.hpp */ = {isa = PBXFileReference; explicitFileType = sourcecode.c.h; fileEncoding = 30; name = func_vector_relational.hpp; path = ../../../../../../Patricio/Desktop/openFrameworks/addons/ofxGlmTools/libs/glm/detail/func_vector_relational.hpp; sourceTree = SOURCE_ROOT; };
		b9f70f7d016d5b7d595a131f217eeb04 /* geometric.hpp */ = {isa = PBXFileReference; explicitFileType = sourcecode.c.h; fileEncoding = 30; name = geometric.hpp; path = ../../../../../../Patricio/Desktop/openFrameworks/addons/ofxGlmTools/libs/glm/geometric.hpp; sourceTree = SOURCE_ROOT; };
		bb4a3fb2b9de2ebe800e92ec611ec6bc /* trigonometric.hpp */ = {isa = PBXFileReference; explicitFileType = sourcecode.c.h; fileEncoding = 30; name = trigonometric.hpp; path = ../../../../../../Patricio/Desktop/openFrameworks/addons/ofxGlmTools/libs/glm/trigonometric.hpp; sourceTree = SOURCE_ROOT; };
		bbf7ec958837cfd97c30bcee0a067ad0 /* glmFastPolyline.h */ = {isa = PBXFileReference; explicitFileType = sourcecode.c.h; fileEncoding = 30; name = glmFastPolyline.h; path = ../../../../../../Patricio/Desktop/openFrameworks/addons/ofxGlmTools/libs/glmTools/types/glmFastPolyline.h; sourceTree = SOURCE_ROOT; };
		bd18c8468b8601e9f6ba9d256fd232a9 /* reciprocal.hpp */ = {isa = PBXFileReference; explicitFileType = sourcecode.c.h; fileEncoding = 30; name = reciprocal.hpp; path = ../../../../../../Patricio/Desktop/openFrameworks/addons/ofxGlmTools/libs/glm/gtx/reciprocal.hpp; sourceTree = SOURCE_ROOT; };
		bd2fada1c3096a2e018297988bd2dd62 /* func_trigonometric.hpp */ = {isa = PBXFileReference; explicitFileType = sourcecode.c.h; fileEncoding = 30; name = func_trigonometric.hpp; path = ../../../../../../Patricio/Desktop/openFrameworks/addons/ofxGlmTools/libs/glm/detail/func_trigonometric.hpp; sourceTree = SOURCE_ROOT; };
		bd6eabae702f45d94ca7a9df44c48db5 /* func_noise.hpp */ = {isa = PBXFileReference; explicitFileType = sourcecode.c.h; fileEncoding = 30; name = func_noise.hpp; path = ../../../../../../Patricio/Desktop/openFrameworks/addons/ofxGlmTools/libs/glm/detail/func_noise.hpp; sourceTree = SOURCE_ROOT; };
		c4b1699b3c5a4e44d242f2419528cf19 /* ofxGlm.h */ = {isa = PBXFileReference; explicitFileType = sourcecode.c.h; fileEncoding = 30; name = ofxGlm.h; path = ../../../../../../Patricio/Desktop/openFrameworks/addons/ofxGlmTools/src/ofxGlm.h; sourceTree = SOURCE_ROOT; };
		c4b31328896e15bb4105c613fa28d68d /* compatibility.hpp */ = {isa = PBXFileReference; explicitFileType = sourcecode.c.h; fileEncoding = 30; name = compatibility.hpp; path = ../../../../../../Patricio/Desktop/openFrameworks/addons/ofxGlmTools/libs/glm/gtx/compatibility.hpp; sourceTree = SOURCE_ROOT; };
		c5eabed05a9b41d8c711b330e9510546 /* int_10_10_10_2.hpp */ = {isa = PBXFileReference; explicitFileType = sourcecode.c.h; fileEncoding = 30; name = int_10_10_10_2.hpp; path = ../../../../../../Patricio/Desktop/openFrameworks/addons/ofxGlmTools/libs/glm/gtx/int_10_10_10_2.hpp; sourceTree = SOURCE_ROOT; };
		c60d11140349db0868701b0f9595f4a2 /* type_vec4.hpp */ = {isa = PBXFileReference; explicitFileType = sourcecode.c.h; fileEncoding = 30; name = type_vec4.hpp; path = ../../../../../../Patricio/Desktop/openFrameworks/addons/ofxGlmTools/libs/glm/detail/type_vec4.hpp; sourceTree = SOURCE_ROOT; };
		c665952a4dd0d393be16f1c8806024eb /* func_integer.hpp */ = {isa = PBXFileReference; explicitFileType = sourcecode.c.h; fileEncoding = 30; name = func_integer.hpp; path = ../../../../../../Patricio/Desktop/openFrameworks/addons/ofxGlmTools/libs/glm/detail/func_integer.hpp; sourceTree = SOURCE_ROOT; };
		c88fa837a70e5893d1030dabcce35e43 /* glmRectangle.cpp */ = {isa = PBXFileReference; explicitFileType = sourcecode.cpp.cpp; fileEncoding = 30; name = glmRectangle.cpp; path = ../../../../../../Patricio/Desktop/openFrameworks/addons/ofxGlmTools/libs/glmTools/types/glmRectangle.cpp; sourceTree = SOURCE_ROOT; };
		c8df9791e5b3711b2f49d650658c330b /* matrix_transform_2d.hpp */ = {isa = PBXFileReference; explicitFileType = sourcecode.c.h; fileEncoding = 30; name = matrix_transform_2d.hpp; path = ../../../../../../Patricio/Desktop/openFrameworks/addons/ofxGlmTools/libs/glm/gtx/matrix_transform_2d.hpp; sourceTree = SOURCE_ROOT; };
		ca2725d7f4152695167c6c84f55f8e40 /* common.hpp */ = {isa = PBXFileReference; explicitFileType = sourcecode.c.h; fileEncoding = 30; name = common.hpp; path = ../../../../../../Patricio/Desktop/openFrameworks/addons/ofxGlmTools/libs/glm/common.hpp; sourceTree = SOURCE_ROOT; };
		cc44826e81cb0ad3aae0f518a4e41cca /* extented_min_max.hpp */ = {isa = PBXFileReference; explicitFileType = sourcecode.c.h; fileEncoding = 30; name = extented_min_max.hpp; path = ../../../../../../Patricio/Desktop/openFrameworks/addons/ofxGlmTools/libs/glm/gtx/extented_min_max.hpp; sourceTree = SOURCE_ROOT; };
		ccffceae078058307c828f6501151317 /* glmPlane.h */ = {isa = PBXFileReference; explicitFileType = sourcecode.c.h; fileEncoding = 30; name = glmPlane.h; path = ../../../../../../Patricio/Desktop/openFrameworks/addons/ofxGlmTools/libs/glmTools/types/glmPlane.h; sourceTree = SOURCE_ROOT; };
		cd8bf3efa5af46e6da2d59f2b53a3816 /* type_vec2.hpp */ = {isa = PBXFileReference; explicitFileType = sourcecode.c.h; fileEncoding = 30; name = type_vec2.hpp; path = ../../../../../../Patricio/Desktop/openFrameworks/addons/ofxGlmTools/libs/glm/detail/type_vec2.hpp; sourceTree = SOURCE_ROOT; };
		cdc784cb6bffd3d4e1361dca0a338ab2 /* glmGL.cpp */ = {isa = PBXFileReference; explicitFileType = sourcecode.cpp.cpp; fileEncoding = 30; name = glmGL.cpp; path = ../../../../../../Patricio/Desktop/openFrameworks/addons/ofxGlmTools/libs/glmTools/glmGL.cpp; sourceTree = SOURCE_ROOT; };
		cf1b9d0cabdb09755db8936b38bc0ad9 /* constants.hpp */ = {isa = PBXFileReference; explicitFileType = sourcecode.c.h; fileEncoding = 30; name = constants.hpp; path = ../../../../../../Patricio/Desktop/openFrameworks/addons/ofxGlmTools/libs/glm/gtc/constants.hpp; sourceTree = SOURCE_ROOT; };
		cf3bc9052d3f08a0e74efeb16757d1f5 /* integer.hpp */ = {isa = PBXFileReference; explicitFileType = sourcecode.c.h; fileEncoding = 30; name = integer.hpp; path = ../../../../../../Patricio/Desktop/openFrameworks/addons/ofxGlmTools/libs/glm/gtx/integer.hpp; sourceTree = SOURCE_ROOT; };
		d020cc68fde669621f814864f4d0b177 /* noise.hpp */ = {isa = PBXFileReference; explicitFileType = sourcecode.c.h; fileEncoding = 30; name = noise.hpp; path = ../../../../../../Patricio/Desktop/openFrameworks/addons/ofxGlmTools/libs/glm/gtc/noise.hpp; sourceTree = SOURCE_ROOT; };
		d0b6ec78753258aa670d6391ee19be6b /* _swizzle.hpp */ = {isa = PBXFileReference; explicitFileType = sourcecode.c.h; fileEncoding = 30; name = _swizzle.hpp; path = ../../../../../../Patricio/Desktop/openFrameworks/addons/ofxGlmTools/libs/glm/detail/_swizzle.hpp; sourceTree = SOURCE_ROOT; };
		d16ed4d4eb9e8513648be5ea22a6b767 /* vec1.hpp */ = {isa = PBXFileReference; explicitFileType = sourcecode.c.h; fileEncoding = 30; name = vec1.hpp; path = ../../../../../../Patricio/Desktop/openFrameworks/addons/ofxGlmTools/libs/glm/gtx/vec1.hpp; sourceTree = SOURCE_ROOT; };
		d20ea03d5d7ebd7776b31196b0d4bac0 /* matrix_inverse.hpp */ = {isa = PBXFileReference; explicitFileType = sourcecode.c.h; fileEncoding = 30; name = matrix_inverse.hpp; path = ../../../../../../Patricio/Desktop/openFrameworks/addons/ofxGlmTools/libs/glm/gtc/matrix_inverse.hpp; sourceTree = SOURCE_ROOT; };
		d32600ca413d4759d36723f918630a7e /* type_mat4x2.hpp */ = {isa = PBXFileReference; explicitFileType = sourcecode.c.h; fileEncoding = 30; name = type_mat4x2.hpp; path = ../../../../../../Patricio/Desktop/openFrameworks/addons/ofxGlmTools/libs/glm/detail/type_mat4x2.hpp; sourceTree = SOURCE_ROOT; };
		d32aa2640424871d0458cedf641806ed /* func_exponential.hpp */ = {isa = PBXFileReference; explicitFileType = sourcecode.c.h; fileEncoding = 30; name = func_exponential.hpp; path = ../../../../../../Patricio/Desktop/openFrameworks/addons/ofxGlmTools/libs/glm/detail/func_exponential.hpp; sourceTree = SOURCE_ROOT; };
		d47a277d5c682e4c5ac54b59ab58d149 /* type_half.hpp */ = {isa = PBXFileReference; explicitFileType = sourcecode.c.h; fileEncoding = 30; name = type_half.hpp; path = ../../../../../../Patricio/Desktop/openFrameworks/addons/ofxGlmTools/libs/glm/detail/type_half.hpp; sourceTree = SOURCE_ROOT; };
		d54c75eda30609148bbf84b11f9dd1e0 /* mixed_product.hpp */ = {isa = PBXFileReference; explicitFileType = sourcecode.c.h; fileEncoding = 30; name = mixed_product.hpp; path = ../../../../../../Patricio/Desktop/openFrameworks/addons/ofxGlmTools/libs/glm/gtx/mixed_product.hpp; sourceTree = SOURCE_ROOT; };
		d664526a87c7e0696641cda0f334b837 /* _noise.hpp */ = {isa = PBXFileReference; explicitFileType = sourcecode.c.h; fileEncoding = 30; name = _noise.hpp; path = ../../../../../../Patricio/Desktop/openFrameworks/addons/ofxGlmTools/libs/glm/detail/_noise.hpp; sourceTree = SOURCE_ROOT; };
		d6968ea7acb93bbfe929f0ce324abc6c /* simd_vec4.hpp */ = {isa = PBXFileReference; explicitFileType = sourcecode.c.h; fileEncoding = 30; name = simd_vec4.hpp; path = ../../../../../../Patricio/Desktop/openFrameworks/addons/ofxGlmTools/libs/glm/gtx/simd_vec4.hpp; sourceTree = SOURCE_ROOT; };
		d7da3a418191e133507a4c6d84c33fea /* intrinsic_trigonometric.hpp */ = {isa = PBXFileReference; explicitFileType = sourcecode.c.h; fileEncoding = 30; name = intrinsic_trigonometric.hpp; path = ../../../../../../Patricio/Desktop/openFrameworks/addons/ofxGlmTools/libs/glm/detail/intrinsic_trigonometric.hpp; sourceTree = SOURCE_ROOT; };
		db3c3f22739ff419c6cd1bbae7cbad01 /* closest_point.hpp */ = {isa = PBXFileReference; explicitFileType = sourcecode.c.h; fileEncoding = 30; name = closest_point.hpp; path = ../../../../../../Patricio/Desktop/openFrameworks/addons/ofxGlmTools/libs/glm/gtx/closest_point.hpp; sourceTree = SOURCE_ROOT; };
		de3189041134fe411562cd8cac9435f7 /* _fixes.hpp */ = {isa = PBXFileReference; explicitFileType = sourcecode.c.h; fileEncoding = 30; name = _fixes.hpp; path = ../../../../../../Patricio/Desktop/openFrameworks/addons/ofxGlmTools/libs/glm/detail/_fixes.hpp; sourceTree = SOURCE_ROOT; };
		e030f5c38e7c72af7aadfe513e243781 /* glmGeom.cpp */ = {isa = PBXFileReference; explicitFileType = sourcecode.cpp.cpp; fileEncoding = 30; name = glmGeom.cpp; path = ../../../../../../Patricio/Desktop/openFrameworks/addons/ofxGlmTools/libs/glmTools/glmGeom.cpp; sourceTree = SOURCE_ROOT; };
		e0fd22b04eb35c297cef5a64211520a0 /* unsigned_int.hpp */ = {isa = PBXFileReference; explicitFileType = sourcecode.c.h; fileEncoding = 30; name = unsigned_int.hpp; path = ../../../../../../Patricio/Desktop/openFrameworks/addons/ofxGlmTools/libs/glm/gtx/unsigned_int.hpp; sourceTree = SOURCE_ROOT; };
		e1895b79c9e0b5c5b692db02cb051ea5 /* func_common.hpp */ = {isa = PBXFileReference; explicitFileType = sourcecode.c.h; fileEncoding = 30; name = func_common.hpp; path = ../../../../../../Patricio/Desktop/openFrameworks/addons/ofxGlmTools/libs/glm/detail/func_common.hpp; sourceTree = SOURCE_ROOT; };
		e1b7559bb9447aa2564f4d6a6a5c12cd /* mat2x4.hpp */ = {isa = PBXFileReference; explicitFileType = sourcecode.c.h; fileEncoding = 30; name = mat2x4.hpp; path = ../../../../../../Patricio/Desktop/openFrameworks/addons/ofxGlmTools/libs/glm/mat2x4.hpp; sourceTree = SOURCE_ROOT; };
		e7c8d590d9481210baa32c0f6737a94d /* intrinsic_geometric.hpp */ = {isa = PBXFileReference; explicitFileType = sourcecode.c.h; fileEncoding = 30; name = intrinsic_geometric.hpp; path = ../../../../../../Patricio/Desktop/openFrameworks/addons/ofxGlmTools/libs/glm/detail/intrinsic_geometric.hpp; sourceTree = SOURCE_ROOT; };
		e8e97a67fb15b4d321d30525772dd168 /* ofxGlmTools.cpp */ = {isa = PBXFileReference; explicitFileType = sourcecode.cpp.cpp; fileEncoding = 30; name = ofxGlmTools.cpp; path = ../../../../../../Patricio/Desktop/openFrameworks/addons/ofxGlmTools/src/ofxGlmTools.cpp; sourceTree = SOURCE_ROOT; };
		e8fee15414c10b507a5f7f824a7a0a54 /* ext.hpp */ = {isa = PBXFileReference; explicitFileType = sourcecode.c.h; fileEncoding = 30; name = ext.hpp; path = ../../../../../../Patricio/Desktop/openFrameworks/addons/ofxGlmTools/libs/glm/ext.hpp; sourceTree = SOURCE_ROOT; };
		e9b528afe9b77920e708e64bf3a9a4cc /* std_based_type.hpp */ = {isa = PBXFileReference; explicitFileType = sourcecode.c.h; fileEncoding = 30; name = std_based_type.hpp; path = ../../../../../../Patricio/Desktop/openFrameworks/addons/ofxGlmTools/libs/glm/gtx/std_based_type.hpp; sourceTree = SOURCE_ROOT; };
		e9d1165812cbb8efa03b3f15bbce05e4 /* exponential.hpp */ = {isa = PBXFileReference; explicitFileType = sourcecode.c.h; fileEncoding = 30; name = exponential.hpp; path = ../../../../../../Patricio/Desktop/openFrameworks/addons/ofxGlmTools/libs/glm/exponential.hpp; sourceTree = SOURCE_ROOT; };
		ea8a4d8723a83daf4890b0c4a427ed3d /* type_float.hpp */ = {isa = PBXFileReference; explicitFileType = sourcecode.c.h; fileEncoding = 30; name = type_float.hpp; path = ../../../../../../Patricio/Desktop/openFrameworks/addons/ofxGlmTools/libs/glm/detail/type_float.hpp; sourceTree = SOURCE_ROOT; };
		ead448c36b4498a2c6b021532b985036 /* type_mat3x3.hpp */ = {isa = PBXFileReference; explicitFileType = sourcecode.c.h; fileEncoding = 30; name = type_mat3x3.hpp; path = ../../../../../../Patricio/Desktop/openFrameworks/addons/ofxGlmTools/libs/glm/detail/type_mat3x3.hpp; sourceTree = SOURCE_ROOT; };
		ef8ff9ef09484a67656a303f2c0d498c /* type_precision.hpp */ = {isa = PBXFileReference; explicitFileType = sourcecode.c.h; fileEncoding = 30; name = type_precision.hpp; path = ../../../../../../Patricio/Desktop/openFrameworks/addons/ofxGlmTools/libs/glm/gtc/type_precision.hpp; sourceTree = SOURCE_ROOT; };
		f006993dfa9099b4d0a5765d04e75764 /* fwd.hpp */ = {isa = PBXFileReference; explicitFileType = sourcecode.c.h; fileEncoding = 30; name = fwd.hpp; path = ../../../../../../Patricio/Desktop/openFrameworks/addons/ofxGlmTools/libs/glm/fwd.hpp; sourceTree = SOURCE_ROOT; };
		f1a02cb0e6e91286b1f7b2728ec1bfbd /* type_ptr.hpp */ = {isa = PBXFileReference; explicitFileType = sourcecode.c.h; fileEncoding = 30; name = type_ptr.hpp; path = ../../../../../../Patricio/Desktop/openFrameworks/addons/ofxGlmTools/libs/glm/gtc/type_ptr.hpp; sourceTree = SOURCE_ROOT; };
		f393b0e5adf100a785491e6e4025b361 /* glmGeom.h */ = {isa = PBXFileReference; explicitFileType = sourcecode.c.h; fileEncoding = 30; name = glmGeom.h; path = ../../../../../../Patricio/Desktop/openFrameworks/addons/ofxGlmTools/libs/glmTools/glmGeom.h; sourceTree = SOURCE_ROOT; };
		f3966210553ee422b1233006c50564c0 /* matrix_operation.hpp */ = {isa = PBXFileReference; explicitFileType = sourcecode.c.h; fileEncoding = 30; name = matrix_operation.hpp; path = ../../../../../../Patricio/Desktop/openFrameworks/addons/ofxGlmTools/libs/glm/gtx/matrix_operation.hpp; sourceTree = SOURCE_ROOT; };
		f3cc512d6560c09d07a0fd5872e2afd9 /* ofxGlmTools.h */ = {isa = PBXFileReference; explicitFileType = sourcecode.c.h; fileEncoding = 30; name = ofxGlmTools.h; path = ../../../../../../Patricio/Desktop/openFrameworks/addons/ofxGlmTools/src/ofxGlmTools.h; sourceTree = SOURCE_ROOT; };
		f881aebd20e356070d0501524caa0d8a /* normal.hpp */ = {isa = PBXFileReference; explicitFileType = sourcecode.c.h; fileEncoding = 30; name = normal.hpp; path = ../../../../../../Patricio/Desktop/openFrameworks/addons/ofxGlmTools/libs/glm/gtx/normal.hpp; sourceTree = SOURCE_ROOT; };
		fcf9af03dab7882118e9de3ca385b716 /* packing.hpp */ = {isa = PBXFileReference; explicitFileType = sourcecode.c.h; fileEncoding = 30; name = packing.hpp; path = ../../../../../../Patricio/Desktop/openFrameworks/addons/ofxGlmTools/libs/glm/gtc/packing.hpp; sourceTree = SOURCE_ROOT; };
		fe636d5dd3be7a87db9e1515df0649cb /* normalize_dot.hpp */ = {isa = PBXFileReference; explicitFileType = sourcecode.c.h; fileEncoding = 30; name = normalize_dot.hpp; path = ../../../../../../Patricio/Desktop/openFrameworks/addons/ofxGlmTools/libs/glm/gtx/normalize_dot.hpp; sourceTree = SOURCE_ROOT; };
/* End PBXFileReference section */

/* Begin PBXFrameworksBuildPhase section */
		E4B69B590A3A1756003C02F2 /* Frameworks */ = {
			isa = PBXFrameworksBuildPhase;
			buildActionMask = 2147483647;
			files = (
				E7F985F815E0DEA3003869B5 /* Accelerate.framework in Frameworks */,
				E7E077E815D3B6510020DFD4 /* QTKit.framework in Frameworks */,
				E4EB6799138ADC1D00A09F29 /* GLUT.framework in Frameworks */,
				E4328149138ABC9F0047C5CB /* openFrameworksDebug.a in Frameworks */,
				E45BE97B0E8CC7DD009D7055 /* AGL.framework in Frameworks */,
				E45BE97C0E8CC7DD009D7055 /* ApplicationServices.framework in Frameworks */,
				E45BE97D0E8CC7DD009D7055 /* AudioToolbox.framework in Frameworks */,
				E45BE97F0E8CC7DD009D7055 /* CoreAudio.framework in Frameworks */,
				E45BE9800E8CC7DD009D7055 /* CoreFoundation.framework in Frameworks */,
				E45BE9810E8CC7DD009D7055 /* CoreServices.framework in Frameworks */,
				E45BE9830E8CC7DD009D7055 /* OpenGL.framework in Frameworks */,
				E45BE9840E8CC7DD009D7055 /* QuickTime.framework in Frameworks */,
				E4C2424710CC5A17004149E2 /* AppKit.framework in Frameworks */,
				E4C2424810CC5A17004149E2 /* Cocoa.framework in Frameworks */,
				E4C2424910CC5A17004149E2 /* IOKit.framework in Frameworks */,
				E7E077E515D3B63C0020DFD4 /* CoreVideo.framework in Frameworks */,
			);
			runOnlyForDeploymentPostprocessing = 0;
		};
/* End PBXFrameworksBuildPhase section */

/* Begin PBXGroup section */
		1a8335e45879dcd139343712c776d851 /* detail */ = {
			isa = PBXGroup;
			children = (
				837ce397d34f15d0bd1760ad0ce7e607 /* _features.hpp */,
				de3189041134fe411562cd8cac9435f7 /* _fixes.hpp */,
				62b20410545d77efd2be40bb490e4dea /* _literals.hpp */,
				d664526a87c7e0696641cda0f334b837 /* _noise.hpp */,
				d0b6ec78753258aa670d6391ee19be6b /* _swizzle.hpp */,
				637e283bacfb089ba12433af447e5b78 /* _swizzle_func.hpp */,
				38703261bffe4ce835a41f53dfd598c1 /* _vectorize.hpp */,
				e1895b79c9e0b5c5b692db02cb051ea5 /* func_common.hpp */,
				d32aa2640424871d0458cedf641806ed /* func_exponential.hpp */,
				09e3473017bc409a33801f09e3718e8a /* func_geometric.hpp */,
				c665952a4dd0d393be16f1c8806024eb /* func_integer.hpp */,
				37a643697d60b2a45df4d8dbe72e5ffe /* func_matrix.hpp */,
				bd6eabae702f45d94ca7a9df44c48db5 /* func_noise.hpp */,
				742dcd1b55ac0166f89eb9a135fd5165 /* func_packing.hpp */,
				bd2fada1c3096a2e018297988bd2dd62 /* func_trigonometric.hpp */,
				b687ff6b219ea94a9ba9c470d331f4d5 /* func_vector_relational.hpp */,
				3b2148f7dd22a8a30ba9c98ab5b3463c /* glm.cpp */,
				95326f373cd12afeedde61359a28132d /* hint.hpp */,
				336c879752fd9f0cb7e6431774132a0f /* intrinsic_common.hpp */,
				410502299addd508c3cd3c855546c2db /* intrinsic_exponential.hpp */,
				e7c8d590d9481210baa32c0f6737a94d /* intrinsic_geometric.hpp */,
				1232fd4de4f6d80d8b453608b86270e3 /* intrinsic_integer.hpp */,
				78643075e0c3f6d7975d1ec0a7e33c99 /* intrinsic_matrix.hpp */,
				d7da3a418191e133507a4c6d84c33fea /* intrinsic_trigonometric.hpp */,
				7adaca7063e25e0e7ba72687db9705f0 /* intrinsic_vector_relational.hpp */,
				a0f0ac2181f57d00a829db40919a03cd /* precision.hpp */,
				ac1b13d07af4b8028be2d3dda38616da /* setup.hpp */,
				ea8a4d8723a83daf4890b0c4a427ed3d /* type_float.hpp */,
				05cec7bb5fafee92390147af1fb255fa /* type_gentype.hpp */,
				d47a277d5c682e4c5ac54b59ab58d149 /* type_half.hpp */,
				8852f8ef28323cdd62efd22df5c8eafe /* type_int.hpp */,
				25dcf1a221a32a972d19715067cd3cbc /* type_mat.hpp */,
				a6be8a5ac10796ea9e1baa31d97db31b /* type_mat2x2.hpp */,
				ab379a4a391d2b3506bb40885c803e1c /* type_mat2x3.hpp */,
				37b990319839683ea27d40a503bf3499 /* type_mat2x4.hpp */,
				00525d553ba1819e9f7dc92e182ea9b9 /* type_mat3x2.hpp */,
				ead448c36b4498a2c6b021532b985036 /* type_mat3x3.hpp */,
				762badf33863b9123a1a21157bf49399 /* type_mat3x4.hpp */,
				d32600ca413d4759d36723f918630a7e /* type_mat4x2.hpp */,
				55e9d6de99469ec58733143e7f3ebc3b /* type_mat4x3.hpp */,
				262a33386c9a8ff9f9d81b72c58ecfed /* type_mat4x4.hpp */,
				94d98852e358094a0dca234712a5ed06 /* type_vec.hpp */,
				79f21f808edb666343c0d8af0a74e9fc /* type_vec1.hpp */,
				cd8bf3efa5af46e6da2d59f2b53a3816 /* type_vec2.hpp */,
				124da564174f82fdd5a4f440f6cd1010 /* type_vec3.hpp */,
				c60d11140349db0868701b0f9595f4a2 /* type_vec4.hpp */,
			);
			name = detail;
			sourceTree = "<group>";
		};
		261f710112ad4162607a78d47e86d077 /* glm */ = {
			isa = PBXGroup;
			children = (
				ca2725d7f4152695167c6c84f55f8e40 /* common.hpp */,
				1a8335e45879dcd139343712c776d851 /* detail */,
				e9d1165812cbb8efa03b3f15bbce05e4 /* exponential.hpp */,
				e8fee15414c10b507a5f7f824a7a0a54 /* ext.hpp */,
				f006993dfa9099b4d0a5765d04e75764 /* fwd.hpp */,
				b9f70f7d016d5b7d595a131f217eeb04 /* geometric.hpp */,
				ad9edfbe9bb7c718a467cbb5279f9ab3 /* glm.hpp */,
				c689336b23b6eaecfe110a80f9e14954 /* gtc */,
				c2c160f3c85d81774cf6b2fc71db27f6 /* gtx */,
				3681dc912c5d24b3e2d06a97f92047ec /* integer.hpp */,
				b3178c1f85acce766d5dbfe78131b733 /* mat2x2.hpp */,
				42026d97d2583157a87732c840f9202e /* mat2x3.hpp */,
				e1b7559bb9447aa2564f4d6a6a5c12cd /* mat2x4.hpp */,
				585a9f4cd3e7499862e7ff13c48e3c78 /* mat3x2.hpp */,
				6679aa1fa0caf645e2cbe80a40d45d37 /* mat3x3.hpp */,
				78e7f33239617e9737352f71e3210bdb /* mat3x4.hpp */,
				548f83d8b78b58923ed0b9a10934d96e /* mat4x2.hpp */,
				70fbd2937abd6c33e8d6d7f85100ed72 /* mat4x3.hpp */,
				9a9555dcdc624af4f7d60a8e5aa65a09 /* mat4x4.hpp */,
				9cb17449c3b71a42db6dde93112603bb /* matrix.hpp */,
				12dcb6ba1e0a6abb266e1e9071be27b4 /* packing.hpp */,
				bb4a3fb2b9de2ebe800e92ec611ec6bc /* trigonometric.hpp */,
				747737044e84e65a6a40033affc72401 /* vec2.hpp */,
				6c45318f9f55715d5e1b6351d32cdbb0 /* vec3.hpp */,
				61bb5f93d0d583bb338428f8321ce960 /* vec4.hpp */,
				3ad4f75280ac93607dd6d28d58ef528c /* vector_relational.hpp */,
			);
			name = glm;
			sourceTree = "<group>";
		};
		4f2cbc032e89a6aa902d014d416c5755 /* ofxGlmTools */ = {
			isa = PBXGroup;
			children = (
				d893fc509caa59acd40417e7685e021b /* src */,
				5c9824f2ddd593f9769dc6f8cc9d6ec4 /* libs */,
			);
			name = ofxGlmTools;
			sourceTree = "<group>";
		};
		5965874827ed5ad57437ee60da9bdfd6 /* types */ = {
			isa = PBXGroup;
			children = (
				0f8bb7f9a9f4bdf49b1f6831bcba95dc /* glmFastPolyline.cpp */,
				bbf7ec958837cfd97c30bcee0a067ad0 /* glmFastPolyline.h */,
				1726b1960c380cbc73c157443f92edd9 /* glmLine.h */,
				96db25349676e85fcc3f33f8cf838f05 /* glmMesh.cpp */,
				1507b55b95bbd6c6f9f35ac8b4d6f8fa /* glmMesh.h */,
				ccffceae078058307c828f6501151317 /* glmPlane.h */,
				56a8515b4e6f53e5e22486b83fe124be /* glmPolarPoint.cpp */,
				13882895596f25a2b058922c76bf86c7 /* glmPolarPoint.h */,
				770f0cf9e3a47ef11bd9051683851509 /* glmPolyline.cpp */,
				a6b34062fad8202426c282e978f955d8 /* glmPolyline.h */,
				41808c414fde731acd390d31c732451f /* glmRay.h */,
				c88fa837a70e5893d1030dabcce35e43 /* glmRectangle.cpp */,
				b354f3a5440c62614bbd253cc15bb7d0 /* glmRectangle.h */,
				17b17b5be7e2230b056f1f4ba4fbd8ae /* glmTriangle.h */,
			);
			name = types;
			sourceTree = "<group>";
		};
		5c9824f2ddd593f9769dc6f8cc9d6ec4 /* libs */ = {
			isa = PBXGroup;
			children = (
				261f710112ad4162607a78d47e86d077 /* glm */,
				e0e41ee1641f6609ab0fd2970075d297 /* glmTools */,
			);
			name = libs;
			sourceTree = "<group>";
		};
		BB4B014C10F69532006C3DED /* addons */ = {
			isa = PBXGroup;
			children = (
				4f2cbc032e89a6aa902d014d416c5755 /* ofxGlmTools */,
			);
			name = addons;
			sourceTree = "<group>";
		};
		BBAB23C913894ECA00AA2426 /* system frameworks */ = {
			isa = PBXGroup;
			children = (
				E7F985F515E0DE99003869B5 /* Accelerate.framework */,
				E4C2424410CC5A17004149E2 /* AppKit.framework */,
				E4C2424510CC5A17004149E2 /* Cocoa.framework */,
				E4C2424610CC5A17004149E2 /* IOKit.framework */,
				E45BE9710E8CC7DD009D7055 /* AGL.framework */,
				E45BE9720E8CC7DD009D7055 /* ApplicationServices.framework */,
				E45BE9730E8CC7DD009D7055 /* AudioToolbox.framework */,
				E45BE9750E8CC7DD009D7055 /* CoreAudio.framework */,
				E45BE9760E8CC7DD009D7055 /* CoreFoundation.framework */,
				E45BE9770E8CC7DD009D7055 /* CoreServices.framework */,
				E45BE9790E8CC7DD009D7055 /* OpenGL.framework */,
				E45BE97A0E8CC7DD009D7055 /* QuickTime.framework */,
				E7E077E415D3B63C0020DFD4 /* CoreVideo.framework */,
				E7E077E715D3B6510020DFD4 /* QTKit.framework */,
			);
			name = "system frameworks";
			sourceTree = "<group>";
		};
		BBAB23CA13894EDB00AA2426 /* 3rd party frameworks */ = {
			isa = PBXGroup;
			children = (
				BBAB23BE13894E4700AA2426 /* GLUT.framework */,
			);
			name = "3rd party frameworks";
			sourceTree = "<group>";
		};
		E4328144138ABC890047C5CB /* Products */ = {
			isa = PBXGroup;
			children = (
				E4328148138ABC890047C5CB /* openFrameworksDebug.a */,
			);
			name = Products;
			sourceTree = "<group>";
		};
		E45BE5980E8CC70C009D7055 /* frameworks */ = {
			isa = PBXGroup;
			children = (
				BBAB23CA13894EDB00AA2426 /* 3rd party frameworks */,
				BBAB23C913894ECA00AA2426 /* system frameworks */,
			);
			name = frameworks;
			sourceTree = "<group>";
		};
		E4B69B4A0A3A1720003C02F2 = {
			isa = PBXGroup;
			children = (
				E4B6FCAD0C3E899E008CF71C /* openFrameworks-Info.plist */,
				E4EB6923138AFD0F00A09F29 /* Project.xcconfig */,
				E4B69E1C0A3A1BDC003C02F2 /* src */,
				E4EEC9E9138DF44700A80321 /* openFrameworks */,
				BB4B014C10F69532006C3DED /* addons */,
				E45BE5980E8CC70C009D7055 /* frameworks */,
				E4B69B5B0A3A1756003C02F2 /* Mesh2OSMSlicerDebug.app */,
			);
			sourceTree = "<group>";
		};
		E4B69E1C0A3A1BDC003C02F2 /* src */ = {
			isa = PBXGroup;
			children = (
				E4B69E1D0A3A1BDC003C02F2 /* main.cpp */,
				E4B69E1F0A3A1BDC003C02F2 /* ofApp.h */,
				E4B69E1E0A3A1BDC003C02F2 /* ofApp.cpp */,
			);
			path = src;
			sourceTree = SOURCE_ROOT;
		};
		E4EEC9E9138DF44700A80321 /* openFrameworks */ = {
			isa = PBXGroup;
			children = (
				E4EB691F138AFCF100A09F29 /* CoreOF.xcconfig */,
				E4328143138ABC890047C5CB /* openFrameworksLib.xcodeproj */,
			);
			name = openFrameworks;
			sourceTree = "<group>";
		};
		c2c160f3c85d81774cf6b2fc71db27f6 /* gtx */ = {
			isa = PBXGroup;
			children = (
				0dab0f7bc0de7a57e14564502141e514 /* associated_min_max.hpp */,
				a7354d0031c9301a052d556e329753d9 /* bit.hpp */,
				db3c3f22739ff419c6cd1bbae7cbad01 /* closest_point.hpp */,
				5d5683b84c26a9e7bb1cbaf999948664 /* color_space.hpp */,
				55ce8c6f9bbb1519f8805997edb83e5f /* color_space_YCoCg.hpp */,
				c4b31328896e15bb4105c613fa28d68d /* compatibility.hpp */,
				71f0731eaf0484f6e2ba605bcd718237 /* component_wise.hpp */,
				6153fcf0cbddf7b27ae40d98678b2a34 /* constants.hpp */,
				0c9569efafb1c1a79790bacee84a43e3 /* dual_quaternion.hpp */,
				65d3e44bec1b582faa3bc0c5bf3fd61b /* epsilon.hpp */,
				81c02f477ed22452f023602be1965b07 /* euler_angles.hpp */,
				aefd3fe6a3106281bc82630ebc9895cd /* extend.hpp */,
				cc44826e81cb0ad3aae0f518a4e41cca /* extented_min_max.hpp */,
				1f5d2253e52b28ad892c31fa1e1fe5f7 /* fast_exponential.hpp */,
				ae32c431b1b4ffb5653737273f656e07 /* fast_square_root.hpp */,
				40ef4525ce4702db0e3413ef2e0a05aa /* fast_trigonometry.hpp */,
				a58e28bef98d9715d84e7e2e1c240c57 /* gradient_paint.hpp */,
				11f90e79733edf397bb4548c1b5bec91 /* handed_coordinate_space.hpp */,
				9b50adad28780ca319f2e218d10e1d64 /* inertia.hpp */,
				c5eabed05a9b41d8c711b330e9510546 /* int_10_10_10_2.hpp */,
				cf3bc9052d3f08a0e74efeb16757d1f5 /* integer.hpp */,
				37f4d6dbb844a47f4d7fca9a96e05807 /* intersect.hpp */,
				afbcfdb55c748b224cc2d48714dc156e /* io.hpp */,
				8f30b67eb6d6152e4c39f88207aaafe2 /* log_base.hpp */,
				7418886d2830fd9d06d89d7fab956f3e /* matrix_cross_product.hpp */,
				5ffc4b784d39306c8382db1839797b81 /* matrix_interpolation.hpp */,
				74bef271c23988d0ffd9a232320e9be5 /* matrix_major_storage.hpp */,
				f3966210553ee422b1233006c50564c0 /* matrix_operation.hpp */,
				1733b7c99b6877eb08dbe52aabb77f6c /* matrix_query.hpp */,
				c8df9791e5b3711b2f49d650658c330b /* matrix_transform_2d.hpp */,
				d54c75eda30609148bbf84b11f9dd1e0 /* mixed_product.hpp */,
				963b4b2c8a2dfb43ab7748a6aedc6aa7 /* multiple.hpp */,
				517bd768b2afa74861edc8526815cd53 /* noise.hpp */,
				3377d14893513816738a3b70a1f86915 /* norm.hpp */,
				f881aebd20e356070d0501524caa0d8a /* normal.hpp */,
				fe636d5dd3be7a87db9e1515df0649cb /* normalize_dot.hpp */,
				9d0ee6d3eb596c97122fd1ee512ee26d /* number_precision.hpp */,
				585c6354e5a3d47011ed2ec981cefafe /* optimum_pow.hpp */,
				4f38b6b6e97e395e09e85a7d70905b1e /* orthonormalize.hpp */,
				05f14575ed22c8d09456ec1af74ff2a6 /* perpendicular.hpp */,
				422dff2305663462e3092375d5bc8729 /* polar_coordinates.hpp */,
				b20355d0bcc2ce007fd443161084ab2d /* projection.hpp */,
				32a605a3150df5df19504efead5b7251 /* quaternion.hpp */,
				7e9f16e101c8efe888aff8ee2a1d135c /* random.hpp */,
				66e003f5daeb893f0e0f7054015e92c2 /* raw_data.hpp */,
				bd18c8468b8601e9f6ba9d256fd232a9 /* reciprocal.hpp */,
				9884f58f4c9de4c8a5f4db35a4f010da /* rotate_normalized_axis.hpp */,
				08948c631b71d15006818c3a86d7dace /* rotate_vector.hpp */,
				a4992584f47bbeb3265e3ca69a65f117 /* scalar_relational.hpp */,
				0341695bbf6a54a78d47db01dcda2ebe /* simd_mat4.hpp */,
				96abf1a161fac073b6447d4e385593bd /* simd_quat.hpp */,
				d6968ea7acb93bbfe929f0ce324abc6c /* simd_vec4.hpp */,
				2ebff42c78ea6ea352da549e88817690 /* spline.hpp */,
				e9b528afe9b77920e708e64bf3a9a4cc /* std_based_type.hpp */,
				5a06e4b45eb7dcd71af443fcbc00bd49 /* string_cast.hpp */,
				33d0aa77cf42076a784913fdc16fdeda /* transform.hpp */,
				33a327c36d180de389de1e1450cb5ded /* transform2.hpp */,
				b207c2e7cb61776e242144818521ca75 /* ulp.hpp */,
				e0fd22b04eb35c297cef5a64211520a0 /* unsigned_int.hpp */,
				d16ed4d4eb9e8513648be5ea22a6b767 /* vec1.hpp */,
				86a508ebd01ef0631e0cd3c6d4bde4de /* vector_angle.hpp */,
				9e6a8a3bbe1e12717d78bfc1723f6727 /* vector_query.hpp */,
				05cfede77645118403feabb689c4463e /* wrap.hpp */,
			);
			name = gtx;
			sourceTree = "<group>";
		};
		c689336b23b6eaecfe110a80f9e14954 /* gtc */ = {
			isa = PBXGroup;
			children = (
				cf1b9d0cabdb09755db8936b38bc0ad9 /* constants.hpp */,
				634742d333028ee076be197f2212e8af /* epsilon.hpp */,
				8fa80f3aa36db6a4660926c86f091ff0 /* matrix_access.hpp */,
				a6961ce5fb2fb6a90e364ea47631ef68 /* matrix_integer.hpp */,
				d20ea03d5d7ebd7776b31196b0d4bac0 /* matrix_inverse.hpp */,
				62cd6e2ca0ac557c9a0b3b9ba7101297 /* matrix_transform.hpp */,
				d020cc68fde669621f814864f4d0b177 /* noise.hpp */,
				fcf9af03dab7882118e9de3ca385b716 /* packing.hpp */,
				70fd236c2ab2f95029354532803504a7 /* quaternion.hpp */,
				3c9d2b867059d74a3455174f54864b22 /* random.hpp */,
				9d4e8d4404d15dc0fd8a9ef3d35b9700 /* reciprocal.hpp */,
				ef8ff9ef09484a67656a303f2c0d498c /* type_precision.hpp */,
				f1a02cb0e6e91286b1f7b2728ec1bfbd /* type_ptr.hpp */,
				211c304871c8a6a57290f527dd3625bf /* ulp.hpp */,
			);
			name = gtc;
			sourceTree = "<group>";
		};
		d893fc509caa59acd40417e7685e021b /* src */ = {
			isa = PBXGroup;
			children = (
				c4b1699b3c5a4e44d242f2419528cf19 /* ofxGlm.h */,
				e8e97a67fb15b4d321d30525772dd168 /* ofxGlmTools.cpp */,
				f3cc512d6560c09d07a0fd5872e2afd9 /* ofxGlmTools.h */,
			);
			name = src;
			sourceTree = "<group>";
		};
		e0e41ee1641f6609ab0fd2970075d297 /* glmTools */ = {
			isa = PBXGroup;
			children = (
				a3f6ee41d626b5b8d96746de067b0ae5 /* glmGeo.h */,
				e030f5c38e7c72af7aadfe513e243781 /* glmGeom.cpp */,
				f393b0e5adf100a785491e6e4025b361 /* glmGeom.h */,
				cdc784cb6bffd3d4e1361dca0a338ab2 /* glmGL.cpp */,
				3a98bdbdca2d6dc0ddc425abddac03d9 /* glmGL.h */,
				60bac01aa465f68bd2767289c0b6f693 /* glmIntersection.cpp */,
				0b8c876d85a3296d62b171fc442feee7 /* glmIntersection.h */,
				386e873c2b07e238af4cd0233a2c4a0e /* glmString.h */,
				2e09125368db1f5a1dfc8d01ecc0be3b /* glmTransform.h */,
				5965874827ed5ad57437ee60da9bdfd6 /* types */,
			);
			name = glmTools;
			sourceTree = "<group>";
		};
/* End PBXGroup section */

/* Begin PBXNativeTarget section */
		E4B69B5A0A3A1756003C02F2 /* Mesh2OSMSlicer */ = {
			isa = PBXNativeTarget;
			buildConfigurationList = E4B69B5F0A3A1757003C02F2 /* Build configuration list for PBXNativeTarget "Mesh2OSMSlicer" */;
			buildPhases = (
				E4B69B580A3A1756003C02F2 /* Sources */,
				E4B69B590A3A1756003C02F2 /* Frameworks */,
				E4B6FFFD0C3F9AB9008CF71C /* ShellScript */,
				E4C2427710CC5ABF004149E2 /* CopyFiles */,
			);
			buildRules = (
			);
			dependencies = (
				E4EEB9AC138B136A00A80321 /* PBXTargetDependency */,
			);
			name = Mesh2OSMSlicer;
			productName = myOFApp;
			productReference = E4B69B5B0A3A1756003C02F2 /* Mesh2OSMSlicerDebug.app */;
			productType = "com.apple.product-type.application";
		};
/* End PBXNativeTarget section */

/* Begin PBXProject section */
		E4B69B4C0A3A1720003C02F2 /* Project object */ = {
			isa = PBXProject;
			attributes = {
				LastUpgradeCheck = 0460;
			};
			buildConfigurationList = E4B69B4D0A3A1720003C02F2 /* Build configuration list for PBXProject "Mesh2OSMSlicer" */;
			compatibilityVersion = "Xcode 3.2";
			developmentRegion = English;
			hasScannedForEncodings = 0;
			knownRegions = (
				English,
				Japanese,
				French,
				German,
			);
			mainGroup = E4B69B4A0A3A1720003C02F2;
			productRefGroup = E4B69B4A0A3A1720003C02F2;
			projectDirPath = "";
			projectReferences = (
				{
					ProductGroup = E4328144138ABC890047C5CB /* Products */;
					ProjectRef = E4328143138ABC890047C5CB /* openFrameworksLib.xcodeproj */;
				},
			);
			projectRoot = "";
			targets = (
				E4B69B5A0A3A1756003C02F2 /* Mesh2OSMSlicer */,
			);
		};
/* End PBXProject section */

/* Begin PBXReferenceProxy section */
		E4328148138ABC890047C5CB /* openFrameworksDebug.a */ = {
			isa = PBXReferenceProxy;
			fileType = archive.ar;
			path = openFrameworksDebug.a;
			remoteRef = E4328147138ABC890047C5CB /* PBXContainerItemProxy */;
			sourceTree = BUILT_PRODUCTS_DIR;
		};
/* End PBXReferenceProxy section */

/* Begin PBXShellScriptBuildPhase section */
		E4B6FFFD0C3F9AB9008CF71C /* ShellScript */ = {
			isa = PBXShellScriptBuildPhase;
			buildActionMask = 2147483647;
			files = (
			);
			inputPaths = (
			);
			outputPaths = (
			);
			runOnlyForDeploymentPostprocessing = 0;
			shellPath = /bin/sh;
			shellScript = "cp -f ../../../../../../Patricio/Desktop/openFrameworks/libs/fmodex/lib/osx/libfmodex.dylib \"$TARGET_BUILD_DIR/$PRODUCT_NAME.app/Contents/MacOS/libfmodex.dylib\"; install_name_tool -change ./libfmodex.dylib @executable_path/libfmodex.dylib \"$TARGET_BUILD_DIR/$PRODUCT_NAME.app/Contents/MacOS/$PRODUCT_NAME\";\nmkdir -p \"$TARGET_BUILD_DIR/$PRODUCT_NAME.app/Contents/Resources/\"\ncp -f \"$ICON_FILE\" \"$TARGET_BUILD_DIR/$PRODUCT_NAME.app/Contents/Resources/\"\n";
		};
/* End PBXShellScriptBuildPhase section */

/* Begin PBXSourcesBuildPhase section */
		E4B69B580A3A1756003C02F2 /* Sources */ = {
			isa = PBXSourcesBuildPhase;
			buildActionMask = 2147483647;
			files = (
				E4B69E200A3A1BDC003C02F2 /* main.cpp in Sources */,
				E4B69E210A3A1BDC003C02F2 /* ofApp.cpp in Sources */,
				326a450621374d9fd00f758f01cb05f3 /* ofxGlmTools.cpp in Sources */,
				265e88e587a6e8d20a2582b0775b4d4e /* glm.cpp in Sources */,
				2ee15114f59d107ff5502b8b0bccc687 /* glmGeom.cpp in Sources */,
				d8f680c2f76e42593622099de294e5b4 /* glmGL.cpp in Sources */,
				7d5e699e173b8c7705a51a78ca467f36 /* glmIntersection.cpp in Sources */,
				33cc09148c0f92f530f58664930bbcd9 /* glmFastPolyline.cpp in Sources */,
				0666f7971b4d7725128f6aa9e8136ac6 /* glmMesh.cpp in Sources */,
				9dca40ed37cbbd592475b080c5278913 /* glmPolarPoint.cpp in Sources */,
				373d343aaba9d3a7b28ed69fdc343371 /* glmPolyline.cpp in Sources */,
				cad1fe6da99b57591716bffb72c1b721 /* glmRectangle.cpp in Sources */,
			);
			runOnlyForDeploymentPostprocessing = 0;
		};
/* End PBXSourcesBuildPhase section */

/* Begin PBXTargetDependency section */
		E4EEB9AC138B136A00A80321 /* PBXTargetDependency */ = {
			isa = PBXTargetDependency;
			name = openFrameworks;
			targetProxy = E4EEB9AB138B136A00A80321 /* PBXContainerItemProxy */;
		};
/* End PBXTargetDependency section */

/* Begin XCBuildConfiguration section */
		E4B69B4E0A3A1720003C02F2 /* Debug */ = {
			isa = XCBuildConfiguration;
			baseConfigurationReference = E4EB6923138AFD0F00A09F29 /* Project.xcconfig */;
			buildSettings = {
				ARCHS = "$(NATIVE_ARCH)";
				CONFIGURATION_BUILD_DIR = "$(SRCROOT)/bin/";
				COPY_PHASE_STRIP = NO;
				DEAD_CODE_STRIPPING = YES;
				GCC_AUTO_VECTORIZATION = YES;
				GCC_ENABLE_SSE3_EXTENSIONS = YES;
				GCC_ENABLE_SUPPLEMENTAL_SSE3_INSTRUCTIONS = YES;
				GCC_INLINES_ARE_PRIVATE_EXTERN = NO;
				GCC_OPTIMIZATION_LEVEL = 0;
				GCC_SYMBOLS_PRIVATE_EXTERN = NO;
				GCC_WARN_ABOUT_DEPRECATED_FUNCTIONS = YES;
				GCC_WARN_ABOUT_INVALID_OFFSETOF_MACRO = NO;
				GCC_WARN_ALLOW_INCOMPLETE_PROTOCOL = NO;
				GCC_WARN_UNINITIALIZED_AUTOS = NO;
				GCC_WARN_UNUSED_VALUE = NO;
				GCC_WARN_UNUSED_VARIABLE = NO;
				HEADER_SEARCH_PATHS = (
					"$(OF_CORE_HEADERS)",
					src,
					../../../../../../Patricio/Desktop/openFrameworks/addons/ofxGlmTools/libs,
					../../../../../../Patricio/Desktop/openFrameworks/addons/ofxGlmTools/libs/glm,
					../../../../../../Patricio/Desktop/openFrameworks/addons/ofxGlmTools/libs/glm/detail,
					../../../../../../Patricio/Desktop/openFrameworks/addons/ofxGlmTools/libs/glm/gtc,
					../../../../../../Patricio/Desktop/openFrameworks/addons/ofxGlmTools/libs/glm/gtx,
					../../../../../../Patricio/Desktop/openFrameworks/addons/ofxGlmTools/libs/glmTools,
					../../../../../../Patricio/Desktop/openFrameworks/addons/ofxGlmTools/libs/glmTools/types,
					../../../../../../Patricio/Desktop/openFrameworks/addons/ofxGlmTools/src,
				);
				MACOSX_DEPLOYMENT_TARGET = 10.6;
				OTHER_CPLUSPLUSFLAGS = (
					"-D__MACOSX_CORE__",
					"-lpthread",
					"-mtune=native",
				);
				SDKROOT = macosx;
			};
			name = Debug;
		};
		E4B69B4F0A3A1720003C02F2 /* Release */ = {
			isa = XCBuildConfiguration;
			baseConfigurationReference = E4EB6923138AFD0F00A09F29 /* Project.xcconfig */;
			buildSettings = {
				ARCHS = "$(NATIVE_ARCH)";
				CONFIGURATION_BUILD_DIR = "$(SRCROOT)/bin/";
				COPY_PHASE_STRIP = YES;
				DEAD_CODE_STRIPPING = YES;
				GCC_AUTO_VECTORIZATION = YES;
				GCC_ENABLE_SSE3_EXTENSIONS = YES;
				GCC_ENABLE_SUPPLEMENTAL_SSE3_INSTRUCTIONS = YES;
				GCC_INLINES_ARE_PRIVATE_EXTERN = NO;
				GCC_OPTIMIZATION_LEVEL = 3;
				GCC_SYMBOLS_PRIVATE_EXTERN = NO;
				GCC_UNROLL_LOOPS = YES;
				GCC_WARN_ABOUT_DEPRECATED_FUNCTIONS = YES;
				GCC_WARN_ABOUT_INVALID_OFFSETOF_MACRO = NO;
				GCC_WARN_ALLOW_INCOMPLETE_PROTOCOL = NO;
				GCC_WARN_UNINITIALIZED_AUTOS = NO;
				GCC_WARN_UNUSED_VALUE = NO;
				GCC_WARN_UNUSED_VARIABLE = NO;
				HEADER_SEARCH_PATHS = (
					"$(OF_CORE_HEADERS)",
					src,
					../../../../../../Patricio/Desktop/openFrameworks/addons/ofxGlmTools/libs,
					../../../../../../Patricio/Desktop/openFrameworks/addons/ofxGlmTools/libs/glm,
					../../../../../../Patricio/Desktop/openFrameworks/addons/ofxGlmTools/libs/glm/detail,
					../../../../../../Patricio/Desktop/openFrameworks/addons/ofxGlmTools/libs/glm/gtc,
					../../../../../../Patricio/Desktop/openFrameworks/addons/ofxGlmTools/libs/glm/gtx,
					../../../../../../Patricio/Desktop/openFrameworks/addons/ofxGlmTools/libs/glmTools,
					../../../../../../Patricio/Desktop/openFrameworks/addons/ofxGlmTools/libs/glmTools/types,
					../../../../../../Patricio/Desktop/openFrameworks/addons/ofxGlmTools/src,
				);
				MACOSX_DEPLOYMENT_TARGET = 10.6;
				OTHER_CPLUSPLUSFLAGS = (
					"-D__MACOSX_CORE__",
					"-lpthread",
					"-mtune=native",
				);
				SDKROOT = macosx;
			};
			name = Release;
		};
		E4B69B600A3A1757003C02F2 /* Debug */ = {
			isa = XCBuildConfiguration;
			buildSettings = {
				COMBINE_HIDPI_IMAGES = YES;
				COPY_PHASE_STRIP = NO;
				FRAMEWORK_SEARCH_PATHS = (
					"$(inherited)",
					"$(FRAMEWORK_SEARCH_PATHS_QUOTED_FOR_TARGET_1)",
				);
				FRAMEWORK_SEARCH_PATHS_QUOTED_FOR_TARGET_1 = "\"$(SRCROOT)/../../../../../../Patricio/Desktop/openFrameworks/libs/glut/lib/osx\"";
				GCC_DYNAMIC_NO_PIC = NO;
				GCC_GENERATE_DEBUGGING_SYMBOLS = YES;
				GCC_MODEL_TUNING = NONE;
				ICON = "$(ICON_NAME_DEBUG)";
				ICON_FILE = "$(ICON_FILE_PATH)$(ICON)";
				INFOPLIST_FILE = "openFrameworks-Info.plist";
				INSTALL_PATH = "$(HOME)/Applications";
				LIBRARY_SEARCH_PATHS = (
					"$(inherited)",
					"$(LIBRARY_SEARCH_PATHS_QUOTED_FOR_TARGET_1)",
					"$(LIBRARY_SEARCH_PATHS_QUOTED_FOR_TARGET_2)",
					"$(LIBRARY_SEARCH_PATHS_QUOTED_FOR_TARGET_3)",
					"$(LIBRARY_SEARCH_PATHS_QUOTED_FOR_TARGET_4)",
					"$(LIBRARY_SEARCH_PATHS_QUOTED_FOR_TARGET_5)",
					"$(LIBRARY_SEARCH_PATHS_QUOTED_FOR_TARGET_6)",
					"$(LIBRARY_SEARCH_PATHS_QUOTED_FOR_TARGET_7)",
					"$(LIBRARY_SEARCH_PATHS_QUOTED_FOR_TARGET_8)",
					"$(LIBRARY_SEARCH_PATHS_QUOTED_FOR_TARGET_9)",
					"$(LIBRARY_SEARCH_PATHS_QUOTED_FOR_TARGET_10)",
					"$(LIBRARY_SEARCH_PATHS_QUOTED_FOR_TARGET_11)",
					"$(LIBRARY_SEARCH_PATHS_QUOTED_FOR_TARGET_12)",
					"$(LIBRARY_SEARCH_PATHS_QUOTED_FOR_TARGET_13)",
					"$(LIBRARY_SEARCH_PATHS_QUOTED_FOR_TARGET_14)",
					"$(LIBRARY_SEARCH_PATHS_QUOTED_FOR_TARGET_15)",
					"$(LIBRARY_SEARCH_PATHS_QUOTED_FOR_TARGET_2)",
					"$(LIBRARY_SEARCH_PATHS_QUOTED_FOR_TARGET_3)",
					"$(LIBRARY_SEARCH_PATHS_QUOTED_FOR_TARGET_7)",
					"$(LIBRARY_SEARCH_PATHS_QUOTED_FOR_TARGET_8)",
					"$(LIBRARY_SEARCH_PATHS_QUOTED_FOR_TARGET_9)",
					"$(LIBRARY_SEARCH_PATHS_QUOTED_FOR_TARGET_10)",
					"$(LIBRARY_SEARCH_PATHS_QUOTED_FOR_TARGET_11)",
					"$(LIBRARY_SEARCH_PATHS_QUOTED_FOR_TARGET_12)",
					"$(LIBRARY_SEARCH_PATHS_QUOTED_FOR_TARGET_13)",
					"$(LIBRARY_SEARCH_PATHS_QUOTED_FOR_TARGET_16)",
					"$(LIBRARY_SEARCH_PATHS_QUOTED_FOR_TARGET_17)",
					"$(LIBRARY_SEARCH_PATHS_QUOTED_FOR_TARGET_18)",
					"$(LIBRARY_SEARCH_PATHS_QUOTED_FOR_TARGET_19)",
					"$(LIBRARY_SEARCH_PATHS_QUOTED_FOR_TARGET_20)",
					"$(LIBRARY_SEARCH_PATHS_QUOTED_FOR_TARGET_21)",
					"$(LIBRARY_SEARCH_PATHS_QUOTED_FOR_TARGET_22)",
					"$(LIBRARY_SEARCH_PATHS_QUOTED_FOR_TARGET_23)",
					"$(LIBRARY_SEARCH_PATHS_QUOTED_FOR_TARGET_24)",
					"$(LIBRARY_SEARCH_PATHS_QUOTED_FOR_TARGET_25)",
					"$(LIBRARY_SEARCH_PATHS_QUOTED_FOR_TARGET_26)",
					"$(LIBRARY_SEARCH_PATHS_QUOTED_FOR_TARGET_27)",
					"$(LIBRARY_SEARCH_PATHS_QUOTED_FOR_TARGET_28)",
					"$(LIBRARY_SEARCH_PATHS_QUOTED_FOR_TARGET_29)",
					"$(LIBRARY_SEARCH_PATHS_QUOTED_FOR_TARGET_30)",
					"$(LIBRARY_SEARCH_PATHS_QUOTED_FOR_TARGET_31)",
					"$(LIBRARY_SEARCH_PATHS_QUOTED_FOR_TARGET_32)",
					"$(LIBRARY_SEARCH_PATHS_QUOTED_FOR_TARGET_33)",
					"$(LIBRARY_SEARCH_PATHS_QUOTED_FOR_TARGET_34)",
					"$(LIBRARY_SEARCH_PATHS_QUOTED_FOR_TARGET_35)",
					"$(LIBRARY_SEARCH_PATHS_QUOTED_FOR_TARGET_36)",
					"$(LIBRARY_SEARCH_PATHS_QUOTED_FOR_TARGET_37)",
					"$(LIBRARY_SEARCH_PATHS_QUOTED_FOR_TARGET_38)",
					"$(LIBRARY_SEARCH_PATHS_QUOTED_FOR_TARGET_39)",
					"$(LIBRARY_SEARCH_PATHS_QUOTED_FOR_TARGET_40)",
					"$(LIBRARY_SEARCH_PATHS_QUOTED_FOR_TARGET_41)",
					"$(LIBRARY_SEARCH_PATHS_QUOTED_FOR_TARGET_42)",
					"$(LIBRARY_SEARCH_PATHS_QUOTED_FOR_TARGET_43)",
					"$(LIBRARY_SEARCH_PATHS_QUOTED_FOR_TARGET_44)",
					"$(LIBRARY_SEARCH_PATHS_QUOTED_FOR_TARGET_45)",
					"$(LIBRARY_SEARCH_PATHS_QUOTED_FOR_TARGET_46)",
					"$(LIBRARY_SEARCH_PATHS_QUOTED_FOR_TARGET_47)",
					"$(LIBRARY_SEARCH_PATHS_QUOTED_FOR_TARGET_48)",
					"$(LIBRARY_SEARCH_PATHS_QUOTED_FOR_TARGET_49)",
					"$(LIBRARY_SEARCH_PATHS_QUOTED_FOR_TARGET_50)",
					"$(LIBRARY_SEARCH_PATHS_QUOTED_FOR_TARGET_51)",
					"$(LIBRARY_SEARCH_PATHS_QUOTED_FOR_TARGET_52)",
				);
				PRODUCT_NAME = "$(TARGET_NAME)Debug";
				WRAPPER_EXTENSION = app;
			};
			name = Debug;
		};
		E4B69B610A3A1757003C02F2 /* Release */ = {
			isa = XCBuildConfiguration;
			buildSettings = {
				COMBINE_HIDPI_IMAGES = YES;
				COPY_PHASE_STRIP = YES;
				FRAMEWORK_SEARCH_PATHS = (
					"$(inherited)",
					"$(FRAMEWORK_SEARCH_PATHS_QUOTED_FOR_TARGET_1)",
				);
				FRAMEWORK_SEARCH_PATHS_QUOTED_FOR_TARGET_1 = "\"$(SRCROOT)/../../../../../../Patricio/Desktop/openFrameworks/libs/glut/lib/osx\"";
				GCC_GENERATE_DEBUGGING_SYMBOLS = YES;
				GCC_MODEL_TUNING = NONE;
				ICON = "$(ICON_NAME_RELEASE)";
				ICON_FILE = "$(ICON_FILE_PATH)$(ICON)";
				INFOPLIST_FILE = "openFrameworks-Info.plist";
				INSTALL_PATH = "$(HOME)/Applications";
				LIBRARY_SEARCH_PATHS = (
					"$(inherited)",
					"$(LIBRARY_SEARCH_PATHS_QUOTED_FOR_TARGET_1)",
					"$(LIBRARY_SEARCH_PATHS_QUOTED_FOR_TARGET_2)",
					"$(LIBRARY_SEARCH_PATHS_QUOTED_FOR_TARGET_3)",
					"$(LIBRARY_SEARCH_PATHS_QUOTED_FOR_TARGET_4)",
					"$(LIBRARY_SEARCH_PATHS_QUOTED_FOR_TARGET_5)",
					"$(LIBRARY_SEARCH_PATHS_QUOTED_FOR_TARGET_6)",
					"$(LIBRARY_SEARCH_PATHS_QUOTED_FOR_TARGET_7)",
					"$(LIBRARY_SEARCH_PATHS_QUOTED_FOR_TARGET_8)",
					"$(LIBRARY_SEARCH_PATHS_QUOTED_FOR_TARGET_9)",
					"$(LIBRARY_SEARCH_PATHS_QUOTED_FOR_TARGET_10)",
					"$(LIBRARY_SEARCH_PATHS_QUOTED_FOR_TARGET_11)",
					"$(LIBRARY_SEARCH_PATHS_QUOTED_FOR_TARGET_12)",
					"$(LIBRARY_SEARCH_PATHS_QUOTED_FOR_TARGET_13)",
					"$(LIBRARY_SEARCH_PATHS_QUOTED_FOR_TARGET_14)",
					"$(LIBRARY_SEARCH_PATHS_QUOTED_FOR_TARGET_15)",
					"$(LIBRARY_SEARCH_PATHS_QUOTED_FOR_TARGET_2)",
					"$(LIBRARY_SEARCH_PATHS_QUOTED_1)",
					"$(LIBRARY_SEARCH_PATHS_QUOTED_FOR_TARGET_3)",
					"$(LIBRARY_SEARCH_PATHS_QUOTED_FOR_TARGET_7)",
					"$(LIBRARY_SEARCH_PATHS_QUOTED_FOR_TARGET_8)",
					"$(LIBRARY_SEARCH_PATHS_QUOTED_FOR_TARGET_9)",
					"$(LIBRARY_SEARCH_PATHS_QUOTED_FOR_TARGET_10)",
					"$(LIBRARY_SEARCH_PATHS_QUOTED_FOR_TARGET_11)",
					"$(LIBRARY_SEARCH_PATHS_QUOTED_FOR_TARGET_12)",
					"$(LIBRARY_SEARCH_PATHS_QUOTED_FOR_TARGET_13)",
					"$(LIBRARY_SEARCH_PATHS_QUOTED_FOR_TARGET_16)",
					"$(LIBRARY_SEARCH_PATHS_QUOTED_FOR_TARGET_17)",
					"$(LIBRARY_SEARCH_PATHS_QUOTED_FOR_TARGET_18)",
					"$(LIBRARY_SEARCH_PATHS_QUOTED_FOR_TARGET_19)",
					"$(LIBRARY_SEARCH_PATHS_QUOTED_FOR_TARGET_20)",
					"$(LIBRARY_SEARCH_PATHS_QUOTED_FOR_TARGET_21)",
					"$(LIBRARY_SEARCH_PATHS_QUOTED_FOR_TARGET_22)",
					"$(LIBRARY_SEARCH_PATHS_QUOTED_FOR_TARGET_23)",
					"$(LIBRARY_SEARCH_PATHS_QUOTED_FOR_TARGET_24)",
					"$(LIBRARY_SEARCH_PATHS_QUOTED_FOR_TARGET_25)",
					"$(LIBRARY_SEARCH_PATHS_QUOTED_FOR_TARGET_26)",
					"$(LIBRARY_SEARCH_PATHS_QUOTED_FOR_TARGET_27)",
					"$(LIBRARY_SEARCH_PATHS_QUOTED_FOR_TARGET_28)",
					"$(LIBRARY_SEARCH_PATHS_QUOTED_FOR_TARGET_29)",
					"$(LIBRARY_SEARCH_PATHS_QUOTED_FOR_TARGET_30)",
					"$(LIBRARY_SEARCH_PATHS_QUOTED_FOR_TARGET_31)",
					"$(LIBRARY_SEARCH_PATHS_QUOTED_FOR_TARGET_32)",
					"$(LIBRARY_SEARCH_PATHS_QUOTED_FOR_TARGET_33)",
					"$(LIBRARY_SEARCH_PATHS_QUOTED_FOR_TARGET_34)",
					"$(LIBRARY_SEARCH_PATHS_QUOTED_FOR_TARGET_35)",
					"$(LIBRARY_SEARCH_PATHS_QUOTED_FOR_TARGET_36)",
					"$(LIBRARY_SEARCH_PATHS_QUOTED_FOR_TARGET_37)",
					"$(LIBRARY_SEARCH_PATHS_QUOTED_FOR_TARGET_38)",
					"$(LIBRARY_SEARCH_PATHS_QUOTED_FOR_TARGET_39)",
					"$(LIBRARY_SEARCH_PATHS_QUOTED_FOR_TARGET_40)",
					"$(LIBRARY_SEARCH_PATHS_QUOTED_FOR_TARGET_41)",
					"$(LIBRARY_SEARCH_PATHS_QUOTED_FOR_TARGET_42)",
					"$(LIBRARY_SEARCH_PATHS_QUOTED_FOR_TARGET_43)",
					"$(LIBRARY_SEARCH_PATHS_QUOTED_FOR_TARGET_44)",
					"$(LIBRARY_SEARCH_PATHS_QUOTED_FOR_TARGET_45)",
					"$(LIBRARY_SEARCH_PATHS_QUOTED_FOR_TARGET_46)",
					"$(LIBRARY_SEARCH_PATHS_QUOTED_FOR_TARGET_47)",
					"$(LIBRARY_SEARCH_PATHS_QUOTED_FOR_TARGET_48)",
					"$(LIBRARY_SEARCH_PATHS_QUOTED_FOR_TARGET_49)",
					"$(LIBRARY_SEARCH_PATHS_QUOTED_FOR_TARGET_50)",
					"$(LIBRARY_SEARCH_PATHS_QUOTED_FOR_TARGET_51)",
				);
				PRODUCT_NAME = "$(TARGET_NAME)";
				WRAPPER_EXTENSION = app;
			};
			name = Release;
		};
/* End XCBuildConfiguration section */

/* Begin XCConfigurationList section */
		E4B69B4D0A3A1720003C02F2 /* Build configuration list for PBXProject "Mesh2OSMSlicer" */ = {
			isa = XCConfigurationList;
			buildConfigurations = (
				E4B69B4E0A3A1720003C02F2 /* Debug */,
				E4B69B4F0A3A1720003C02F2 /* Release */,
			);
			defaultConfigurationIsVisible = 0;
			defaultConfigurationName = Release;
		};
		E4B69B5F0A3A1757003C02F2 /* Build configuration list for PBXNativeTarget "Mesh2OSMSlicer" */ = {
			isa = XCConfigurationList;
			buildConfigurations = (
				E4B69B600A3A1757003C02F2 /* Debug */,
				E4B69B610A3A1757003C02F2 /* Release */,
			);
			defaultConfigurationIsVisible = 0;
			defaultConfigurationName = Release;
		};
/* End XCConfigurationList section */
	};
	rootObject = E4B69B4C0A3A1720003C02F2 /* Project object */;
}
